{
  "version": 4,
  "terraform_version": "1.14.8",
  "serial": 1393,
  "lineage": "136c2900-c947-4ed9-1af9-a1d9d445153e",
  "outputs": {
    "portfolio_ns": {
      "value": [
        "ns-1325.awsdns-37.org",
        "ns-1673.awsdns-17.co.uk",
        "ns-61.awsdns-07.com",
        "ns-842.awsdns-41.net"
      ],
      "type": [
        "list",
        "string"
      ]
    }
  },
  "resources": [
    {
      "mode": "data",
      "type": "aws_caller_identity",
      "name": "current",
      "provider": "provider[\"registry.terraform.io/hashicorp/aws\"]",
      "instances": [
        {
          "schema_version": 0,
          "attributes": {
            "account_id": "931846072481",
            "arn": "arn:aws:iam::931846072481:user/operator",
            "id": "931846072481",
            "user_id": "AIDA5R5S2VCQYXJAGCRZ4"
          },
          "sensitive_attributes": [],
          "identity_schema_version": 0
        }
      ]
    },
    {
      "mode": "managed",
      "type": "aws_dynamodb_table",
      "name": "messages",
      "provider": "provider[\"registry.terraform.io/hashicorp/aws\"]",
      "instances": [
        {
          "schema_version": 1,
          "attributes": {
            "arn": "arn:aws:dynamodb:ap-northeast-1:931846072481:table/portfolio-messages",
            "attribute": [
              {
                "name": "id",
                "type": "S"
              }
            ],
            "billing_mode": "PAY_PER_REQUEST",
            "deletion_protection_enabled": false,
            "global_secondary_index": [],
            "hash_key": "id",
            "id": "portfolio-messages",
            "import_table": [],
            "local_secondary_index": [],
            "name": "portfolio-messages",
            "on_demand_throughput": [],
            "point_in_time_recovery": [
              {
                "enabled": false,
                "recovery_period_in_days": 0
              }
            ],
            "range_key": null,
            "read_capacity": 0,
            "replica": [
              {
                "arn": "arn:aws:dynamodb:ap-northeast-3:931846072481:table/portfolio-messages",
                "kms_key_arn": "",
                "point_in_time_recovery": false,
                "propagate_tags": false,
                "region_name": "ap-northeast-3",
                "stream_arn": "arn:aws:dynamodb:ap-northeast-3:931846072481:table/portfolio-messages/stream/2026-04-08T04:31:09.336",
                "stream_label": "2026-04-08T04:31:09.336"
              }
            ],
            "restore_date_time": null,
            "restore_source_name": null,
            "restore_source_table_arn": null,
            "restore_to_latest_time": null,
            "server_side_encryption": [],
            "stream_arn": "arn:aws:dynamodb:ap-northeast-1:931846072481:table/portfolio-messages/stream/2026-04-08T04:30:43.939",
            "stream_enabled": true,
            "stream_label": "2026-04-08T04:30:43.939",
            "stream_view_type": "NEW_AND_OLD_IMAGES",
            "table_class": "STANDARD",
            "tags": {
              "Name": "portfolio-messages"
            },
            "tags_all": {
              "Name": "portfolio-messages"
            },
            "timeouts": null,
            "ttl": [
              {
                "attribute_name": "",
                "enabled": false
              }
            ],
            "write_capacity": 0
          },
          "sensitive_attributes": [],
          "identity_schema_version": 0,
          "private": "eyJlMmJmYjczMC1lY2FhLTExZTYtOGY4OC0zNDM2M2JjN2M0YzAiOnsiY3JlYXRlIjoxODAwMDAwMDAwMDAwLCJkZWxldGUiOjYwMDAwMDAwMDAwMCwidXBkYXRlIjozNjAwMDAwMDAwMDAwfSwic2NoZW1hX3ZlcnNpb24iOiIxIn0="
        }
      ]
    },
    {
      "mode": "managed",
      "type": "aws_iam_instance_profile",
      "name": "ssm_profile",
      "provider": "provider[\"registry.terraform.io/hashicorp/aws\"]",
      "instances": [
        {
          "schema_version": 0,
          "attributes": {
            "arn": "arn:aws:iam::931846072481:instance-profile/portfolio-ssm-profile",
            "create_date": "2026-04-08T04:30:45Z",
            "id": "portfolio-ssm-profile",
            "name": "portfolio-ssm-profile",
            "name_prefix": "",
            "path": "/",
            "role": "portfolio-ssm-role",
            "tags": {},
            "tags_all": {},
            "unique_id": "AIPA5R5S2VCQ3CZ6DSEFZ"
          },
          "sensitive_attributes": [],
          "identity_schema_version": 0,
          "private": "bnVsbA==",
          "dependencies": [
            "aws_iam_role.ssm_role"
          ]
        }
      ]
    },
    {
      "mode": "managed",
      "type": "aws_iam_role",
      "name": "ssm_role",
      "provider": "provider[\"registry.terraform.io/hashicorp/aws\"]",
      "instances": [
        {
          "schema_version": 0,
          "attributes": {
            "arn": "arn:aws:iam::931846072481:role/portfolio-ssm-role",
            "assume_role_policy": "{\"Statement\":[{\"Action\":\"sts:AssumeRole\",\"Effect\":\"Allow\",\"Principal\":{\"Service\":\"ec2.amazonaws.com\"}}],\"Version\":\"2012-10-17\"}",
            "create_date": "2026-04-08T04:30:44Z",
            "description": "",
            "force_detach_policies": false,
            "id": "portfolio-ssm-role",
            "inline_policy": [
              {
                "name": "portfolio-dynamodb-access",
                "policy": "{\"Version\":\"2012-10-17\",\"Statement\":[{\"Action\":[\"dynamodb:GetItem\",\"dynamodb:PutItem\",\"dynamodb:DeleteItem\",\"dynamodb:Scan\",\"dynamodb:Query\"],\"Effect\":\"Allow\",\"Resource\":[\"arn:aws:dynamodb:*:931846072481:table/portfolio-messages\"]}]}"
              },
              {
                "name": "portfolio-s3-read",
                "policy": "{\"Version\":\"2012-10-17\",\"Statement\":[{\"Action\":[\"s3:GetObject\"],\"Effect\":\"Allow\",\"Resource\":[\"arn:aws:s3:::portfolio-app-931846072481-*/*\"]},{\"Action\":[\"s3:ListBucket\"],\"Effect\":\"Allow\",\"Resource\":[\"arn:aws:s3:::portfolio-app-931846072481-*\"]}]}"
              }
            ],
            "managed_policy_arns": [
              "arn:aws:iam::aws:policy/AmazonSSMManagedInstanceCore"
            ],
            "max_session_duration": 3600,
            "name": "portfolio-ssm-role",
            "name_prefix": "",
            "path": "/",
            "permissions_boundary": "",
            "tags": {},
            "tags_all": {},
            "unique_id": "AROA5R5S2VCQTUUNX6AE7"
          },
          "sensitive_attributes": [],
          "identity_schema_version": 0,
          "private": "bnVsbA=="
        }
      ]
    },
    {
      "mode": "managed",
      "type": "aws_iam_role_policy",
      "name": "dynamodb_access",
      "provider": "provider[\"registry.terraform.io/hashicorp/aws\"]",
      "instances": [
        {
          "schema_version": 0,
          "attributes": {
            "id": "portfolio-ssm-role:portfolio-dynamodb-access",
            "name": "portfolio-dynamodb-access",
            "name_prefix": "",
            "policy": "{\"Version\":\"2012-10-17\",\"Statement\":[{\"Action\":[\"dynamodb:GetItem\",\"dynamodb:PutItem\",\"dynamodb:DeleteItem\",\"dynamodb:Scan\",\"dynamodb:Query\"],\"Effect\":\"Allow\",\"Resource\":[\"arn:aws:dynamodb:*:931846072481:table/portfolio-messages\"]}]}",
            "role": "portfolio-ssm-role"
          },
          "sensitive_attributes": [],
          "identity_schema_version": 0,
          "private": "bnVsbA==",
          "dependencies": [
            "aws_iam_role.ssm_role",
            "data.aws_caller_identity.current"
          ]
        }
      ]
    },
    {
      "mode": "managed",
      "type": "aws_iam_role_policy",
      "name": "s3_read",
      "provider": "provider[\"registry.terraform.io/hashicorp/aws\"]",
      "instances": [
        {
          "schema_version": 0,
          "attributes": {
            "id": "portfolio-ssm-role:portfolio-s3-read",
            "name": "portfolio-s3-read",
            "name_prefix": "",
            "policy": "{\"Version\":\"2012-10-17\",\"Statement\":[{\"Action\":[\"s3:GetObject\"],\"Effect\":\"Allow\",\"Resource\":[\"arn:aws:s3:::portfolio-app-931846072481-*/*\"]},{\"Action\":[\"s3:ListBucket\"],\"Effect\":\"Allow\",\"Resource\":[\"arn:aws:s3:::portfolio-app-931846072481-*\"]}]}",
            "role": "portfolio-ssm-role"
          },
          "sensitive_attributes": [],
          "identity_schema_version": 0,
          "private": "bnVsbA==",
          "dependencies": [
            "aws_iam_role.ssm_role",
            "data.aws_caller_identity.current"
          ]
        }
      ]
    },
    {
      "mode": "managed",
      "type": "aws_iam_role_policy_attachment",
      "name": "ssm_managed",
      "provider": "provider[\"registry.terraform.io/hashicorp/aws\"]",
      "instances": [
        {
          "schema_version": 0,
          "attributes": {
            "id": "portfolio-ssm-role-20260408043045449100000003",
            "policy_arn": "arn:aws:iam::aws:policy/AmazonSSMManagedInstanceCore",
            "role": "portfolio-ssm-role"
          },
          "sensitive_attributes": [],
          "identity_schema_version": 0,
          "private": "bnVsbA==",
          "dependencies": [
            "aws_iam_role.ssm_role"
          ]
        }
      ]
    },
    {
      "mode": "managed",
      "type": "aws_route53_record",
      "name": "osaka_failover",
      "provider": "provider[\"registry.terraform.io/hashicorp/aws\"]",
      "instances": [
        {
          "schema_version": 2,
          "attributes": {
            "alias": [
              {
                "evaluate_target_health": true,
                "name": "portfolio-osaka-alb-1473548568.ap-northeast-3.elb.amazonaws.com",
                "zone_id": "Z5LXEXXYW11ES"
              }
            ],
            "allow_overwrite": null,
            "cidr_routing_policy": [],
            "failover_routing_policy": [
              {
                "type": "SECONDARY"
              }
            ],
            "fqdn": "portfolio.vexations.org",
            "geolocation_routing_policy": [],
            "geoproximity_routing_policy": [],
            "health_check_id": "",
            "id": "Z09663592037PVJZ4HVM7_portfolio.vexations.org_A_osaka",
            "latency_routing_policy": [],
            "multivalue_answer_routing_policy": false,
            "name": "portfolio.vexations.org",
            "records": [],
            "set_identifier": "osaka",
            "timeouts": null,
            "ttl": 0,
            "type": "A",
            "weighted_routing_policy": [],
            "zone_id": "Z09663592037PVJZ4HVM7"
          },
          "sensitive_attributes": [],
          "identity_schema_version": 0,
          "private": "eyJlMmJmYjczMC1lY2FhLTExZTYtOGY4OC0zNDM2M2JjN2M0YzAiOnsiY3JlYXRlIjoxODAwMDAwMDAwMDAwLCJkZWxldGUiOjE4MDAwMDAwMDAwMDAsInVwZGF0ZSI6MTgwMDAwMDAwMDAwMH0sInNjaGVtYV92ZXJzaW9uIjoiMiJ9",
          "dependencies": [
            "aws_route53_zone.portfolio_sub",
            "module.osaka.aws_lb.main",
            "module.osaka.aws_security_group.alb",
            "module.osaka.aws_subnet.public_a",
            "module.osaka.aws_subnet.public_c",
            "module.osaka.aws_vpc.main"
          ]
        }
      ]
    },
    {
      "mode": "managed",
      "type": "aws_route53_record",
      "name": "portfolio_primary",
      "provider": "provider[\"registry.terraform.io/hashicorp/aws\"]",
      "instances": [
        {
          "schema_version": 2,
          "attributes": {
            "alias": [
              {
                "evaluate_target_health": true,
                "name": "portfolio-tokyo-alb-1539931409.ap-northeast-1.elb.amazonaws.com",
                "zone_id": "Z14GRHDCWA56QT"
              }
            ],
            "allow_overwrite": null,
            "cidr_routing_policy": [],
            "failover_routing_policy": [
              {
                "type": "PRIMARY"
              }
            ],
            "fqdn": "portfolio.vexations.org",
            "geolocation_routing_policy": [],
            "geoproximity_routing_policy": [],
            "health_check_id": "",
            "id": "Z09663592037PVJZ4HVM7_portfolio.vexations.org_A_tokyo",
            "latency_routing_policy": [],
            "multivalue_answer_routing_policy": false,
            "name": "portfolio.vexations.org",
            "records": [],
            "set_identifier": "tokyo",
            "timeouts": null,
            "ttl": 0,
            "type": "A",
            "weighted_routing_policy": [],
            "zone_id": "Z09663592037PVJZ4HVM7"
          },
          "sensitive_attributes": [],
          "identity_schema_version": 0,
          "private": "eyJlMmJmYjczMC1lY2FhLTExZTYtOGY4OC0zNDM2M2JjN2M0YzAiOnsiY3JlYXRlIjoxODAwMDAwMDAwMDAwLCJkZWxldGUiOjE4MDAwMDAwMDAwMDAsInVwZGF0ZSI6MTgwMDAwMDAwMDAwMH0sInNjaGVtYV92ZXJzaW9uIjoiMiJ9",
          "dependencies": [
            "aws_route53_zone.portfolio_sub",
            "module.tokyo.aws_lb.main",
            "module.tokyo.aws_security_group.alb",
            "module.tokyo.aws_subnet.public_a",
            "module.tokyo.aws_subnet.public_c",
            "module.tokyo.aws_vpc.main"
          ]
        }
      ]
    },
    {
      "mode": "managed",
      "type": "aws_route53_zone",
      "name": "portfolio_sub",
      "provider": "provider[\"registry.terraform.io/hashicorp/aws\"]",
      "instances": [
        {
          "schema_version": 0,
          "attributes": {
            "arn": "arn:aws:route53:::hostedzone/Z09663592037PVJZ4HVM7",
            "comment": "Managed by Terraform",
            "delegation_set_id": "",
            "force_destroy": false,
            "id": "Z09663592037PVJZ4HVM7",
            "name": "portfolio.vexations.org",
            "name_servers": [
              "ns-1325.awsdns-37.org",
              "ns-1673.awsdns-17.co.uk",
              "ns-61.awsdns-07.com",
              "ns-842.awsdns-41.net"
            ],
            "primary_name_server": "ns-1673.awsdns-17.co.uk",
            "tags": {},
            "tags_all": {},
            "timeouts": null,
            "vpc": [],
            "zone_id": "Z09663592037PVJZ4HVM7"
          },
          "sensitive_attributes": [],
          "identity_schema_version": 0,
          "private": "eyJlMmJmYjczMC1lY2FhLTExZTYtOGY4OC0zNDM2M2JjN2M0YzAiOnsiY3JlYXRlIjoxODAwMDAwMDAwMDAwLCJkZWxldGUiOjE4MDAwMDAwMDAwMDAsInVwZGF0ZSI6MTgwMDAwMDAwMDAwMH19"
        }
      ]
    },
    {
      "mode": "managed",
      "type": "cloudflare_record",
      "name": "portfolio_ns",
      "provider": "provider[\"registry.terraform.io/cloudflare/cloudflare\"]",
      "instances": [
        {
          "index_key": 0,
          "schema_version": 3,
          "attributes": {
            "allow_overwrite": false,
            "comment": "",
            "content": "ns-1325.awsdns-37.org",
            "created_on": "2026-04-08T04:31:22.681534Z",
            "data": [],
            "hostname": "portfolio.vexations.org",
            "id": "68bd5f0ef375db15fd4306ee82f58380",
            "metadata": {},
            "modified_on": "2026-04-08T04:31:22.681534Z",
            "name": "portfolio",
            "priority": null,
            "proxiable": false,
            "proxied": false,
            "tags": [],
            "timeouts": null,
            "ttl": 60,
            "type": "NS",
            "value": null,
            "zone_id": "8b09e1b5961822ecc8fdfdb3a960e61e"
          },
          "sensitive_attributes": [],
          "identity_schema_version": 0,
          "private": "eyJlMmJmYjczMC1lY2FhLTExZTYtOGY4OC0zNDM2M2JjN2M0YzAiOnsiY3JlYXRlIjozMDAwMDAwMDAwMCwidXBkYXRlIjozMDAwMDAwMDAwMH0sInNjaGVtYV92ZXJzaW9uIjoiMyJ9",
          "dependencies": [
            "aws_route53_zone.portfolio_sub"
          ]
        },
        {
          "index_key": 1,
          "schema_version": 3,
          "attributes": {
            "allow_overwrite": false,
            "comment": "",
            "content": "ns-1673.awsdns-17.co.uk",
            "created_on": "2026-04-08T04:31:23.171514Z",
            "data": [],
            "hostname": "portfolio.vexations.org",
            "id": "c0bd96b5a75a06431436de84090bf7dc",
            "metadata": {},
            "modified_on": "2026-04-08T04:31:23.171514Z",
            "name": "portfolio",
            "priority": null,
            "proxiable": false,
            "proxied": false,
            "tags": [],
            "timeouts": null,
            "ttl": 60,
            "type": "NS",
            "value": null,
            "zone_id": "8b09e1b5961822ecc8fdfdb3a960e61e"
          },
          "sensitive_attributes": [],
          "identity_schema_version": 0,
          "private": "eyJlMmJmYjczMC1lY2FhLTExZTYtOGY4OC0zNDM2M2JjN2M0YzAiOnsiY3JlYXRlIjozMDAwMDAwMDAwMCwidXBkYXRlIjozMDAwMDAwMDAwMH0sInNjaGVtYV92ZXJzaW9uIjoiMyJ9",
          "dependencies": [
            "aws_route53_zone.portfolio_sub"
          ]
        },
        {
          "index_key": 2,
          "schema_version": 3,
          "attributes": {
            "allow_overwrite": false,
            "comment": "",
            "content": "ns-61.awsdns-07.com",
            "created_on": "2026-04-08T04:31:21.708641Z",
            "data": [],
            "hostname": "portfolio.vexations.org",
            "id": "c0b3ed1f700502b923173cb30cf75b0a",
            "metadata": {},
            "modified_on": "2026-04-08T04:31:21.708641Z",
            "name": "portfolio",
            "priority": null,
            "proxiable": false,
            "proxied": false,
            "tags": [],
            "timeouts": null,
            "ttl": 60,
            "type": "NS",
            "value": null,
            "zone_id": "8b09e1b5961822ecc8fdfdb3a960e61e"
          },
          "sensitive_attributes": [],
          "identity_schema_version": 0,
          "private": "eyJlMmJmYjczMC1lY2FhLTExZTYtOGY4OC0zNDM2M2JjN2M0YzAiOnsiY3JlYXRlIjozMDAwMDAwMDAwMCwidXBkYXRlIjozMDAwMDAwMDAwMH0sInNjaGVtYV92ZXJzaW9uIjoiMyJ9",
          "dependencies": [
            "aws_route53_zone.portfolio_sub"
          ]
        },
        {
          "index_key": 3,
          "schema_version": 3,
          "attributes": {
            "allow_overwrite": false,
            "comment": "",
            "content": "ns-842.awsdns-41.net",
            "created_on": "2026-04-08T04:31:22.177041Z",
            "data": [],
            "hostname": "portfolio.vexations.org",
            "id": "41565bfe65fa564675f3488018db9f12",
            "metadata": {},
            "modified_on": "2026-04-08T04:31:22.177041Z",
            "name": "portfolio",
            "priority": null,
            "proxiable": false,
            "proxied": false,
            "tags": [],
            "timeouts": null,
            "ttl": 60,
            "type": "NS",
            "value": null,
            "zone_id": "8b09e1b5961822ecc8fdfdb3a960e61e"
          },
          "sensitive_attributes": [],
          "identity_schema_version": 0,
          "private": "eyJlMmJmYjczMC1lY2FhLTExZTYtOGY4OC0zNDM2M2JjN2M0YzAiOnsiY3JlYXRlIjozMDAwMDAwMDAwMCwidXBkYXRlIjozMDAwMDAwMDAwMH0sInNjaGVtYV92ZXJzaW9uIjoiMyJ9",
          "dependencies": [
            "aws_route53_zone.portfolio_sub"
          ]
        }
      ]
    },
    {
      "module": "module.osaka",
      "mode": "data",
      "type": "aws_caller_identity",
      "name": "current",
      "provider": "provider[\"registry.terraform.io/hashicorp/aws\"].osaka",
      "instances": [
        {
          "schema_version": 0,
          "attributes": {
            "account_id": "931846072481",
            "arn": "arn:aws:iam::931846072481:user/operator",
            "id": "931846072481",
            "user_id": "AIDA5R5S2VCQYXJAGCRZ4"
          },
          "sensitive_attributes": [],
          "identity_schema_version": 0
        }
      ]
    },
    {
      "module": "module.osaka",
      "mode": "data",
      "type": "aws_ssm_parameter",
      "name": "ami",
      "provider": "provider[\"registry.terraform.io/hashicorp/aws\"].osaka",
      "instances": [
        {
          "schema_version": 0,
          "attributes": {
            "arn": "arn:aws:ssm:ap-northeast-3::parameter/aws/service/ami-amazon-linux-latest/al2023-ami-kernel-6.1-x86_64",
            "id": "/aws/service/ami-amazon-linux-latest/al2023-ami-kernel-6.1-x86_64",
            "insecure_value": "ami-07f7503cf1e769f8d",
            "name": "/aws/service/ami-amazon-linux-latest/al2023-ami-kernel-6.1-x86_64",
            "type": "String",
            "value": "ami-07f7503cf1e769f8d",
            "version": 157,
            "with_decryption": true
          },
          "sensitive_attributes": [
            [
              {
                "type": "get_attr",
                "value": "value"
              }
            ]
          ],
          "identity_schema_version": 0
        }
      ]
    },
    {
      "module": "module.osaka",
      "mode": "managed",
      "type": "aws_acm_certificate",
      "name": "main",
      "provider": "provider[\"registry.terraform.io/hashicorp/aws\"].osaka",
      "instances": [
        {
          "schema_version": 0,
          "attributes": {
            "arn": "arn:aws:acm:ap-northeast-3:931846072481:certificate/963df6f1-f4e0-4357-a4d6-fc7a122338c0",
            "certificate_authority_arn": "",
            "certificate_body": null,
            "certificate_chain": null,
            "domain_name": "portfolio.vexations.org",
            "domain_validation_options": [
              {
                "domain_name": "portfolio.vexations.org",
                "resource_record_name": "_e2d449a81a0b04a74c9f8701e6ec64ad.portfolio.vexations.org.",
                "resource_record_type": "CNAME",
                "resource_record_value": "_aadb6f1807b0dee0f5fa8764708706be.jkddzztszm.acm-validations.aws."
              }
            ],
            "early_renewal_duration": "",
            "id": "arn:aws:acm:ap-northeast-3:931846072481:certificate/963df6f1-f4e0-4357-a4d6-fc7a122338c0",
            "key_algorithm": "RSA_2048",
            "not_after": "2026-10-22T23:59:59Z",
            "not_before": "2026-04-08T00:00:00Z",
            "options": [
              {
                "certificate_transparency_logging_preference": "ENABLED"
              }
            ],
            "pending_renewal": false,
            "private_key": null,
            "renewal_eligibility": "ELIGIBLE",
            "renewal_summary": [],
            "status": "ISSUED",
            "subject_alternative_names": [
              "portfolio.vexations.org"
            ],
            "tags": {
              "Name": "portfolio-osaka-cert"
            },
            "tags_all": {
              "Name": "portfolio-osaka-cert"
            },
            "type": "AMAZON_ISSUED",
            "validation_emails": [],
            "validation_method": "DNS",
            "validation_option": []
          },
          "sensitive_attributes": [
            [
              {
                "type": "get_attr",
                "value": "private_key"
              }
            ]
          ],
          "identity_schema_version": 0,
          "private": "bnVsbA==",
          "create_before_destroy": true
        }
      ]
    },
    {
      "module": "module.osaka",
      "mode": "managed",
      "type": "aws_acm_certificate_validation",
      "name": "main",
      "provider": "provider[\"registry.terraform.io/hashicorp/aws\"].osaka",
      "instances": [
        {
          "schema_version": 0,
          "attributes": {
            "certificate_arn": "arn:aws:acm:ap-northeast-3:931846072481:certificate/963df6f1-f4e0-4357-a4d6-fc7a122338c0",
            "id": "0001-01-01 00:00:00 +0000 UTC",
            "timeouts": null,
            "validation_record_fqdns": [
              "_e2d449a81a0b04a74c9f8701e6ec64ad.portfolio.vexations.org"
            ]
          },
          "sensitive_attributes": [],
          "identity_schema_version": 0,
          "private": "eyJlMmJmYjczMC1lY2FhLTExZTYtOGY4OC0zNDM2M2JjN2M0YzAiOnsiY3JlYXRlIjo0NTAwMDAwMDAwMDAwfX0=",
          "dependencies": [
            "aws_route53_zone.portfolio_sub",
            "module.osaka.aws_acm_certificate.main",
            "module.osaka.aws_route53_record.cert_validation"
          ]
        }
      ]
    },
    {
      "module": "module.osaka",
      "mode": "managed",
      "type": "aws_autoscaling_group",
      "name": "web",
      "provider": "provider[\"registry.terraform.io/hashicorp/aws\"].osaka",
      "instances": [
        {
          "schema_version": 1,
          "attributes": {
            "arn": "arn:aws:autoscaling:ap-northeast-3:931846072481:autoScalingGroup:03e20c34-4fbe-4324-9ed0-e8a6bfd36f4a:autoScalingGroupName/portfolio-osaka-asg",
            "availability_zone_distribution": [
              {
                "capacity_distribution_strategy": "balanced-best-effort"
              }
            ],
            "availability_zones": [
              "ap-northeast-3a",
              "ap-northeast-3c"
            ],
            "capacity_rebalance": false,
            "capacity_reservation_specification": [
              {
                "capacity_reservation_preference": "default",
                "capacity_reservation_target": []
              }
            ],
            "context": "",
            "default_cooldown": 300,
            "default_instance_warmup": 0,
            "desired_capacity": 1,
            "desired_capacity_type": "",
            "enabled_metrics": [],
            "force_delete": false,
            "force_delete_warm_pool": false,
            "health_check_grace_period": 300,
            "health_check_type": "ELB",
            "id": "portfolio-osaka-asg",
            "ignore_failed_scaling_activities": false,
            "initial_lifecycle_hook": [],
            "instance_maintenance_policy": [],
            "instance_refresh": [],
            "launch_configuration": "",
            "launch_template": [
              {
                "id": "lt-0cae5dc9c93074569",
                "name": "portfolio-osaka-web-20260408043100034900000006",
                "version": "$Latest"
              }
            ],
            "load_balancers": [],
            "max_instance_lifetime": 0,
            "max_size": 3,
            "metrics_granularity": "1Minute",
            "min_elb_capacity": null,
            "min_size": 1,
            "mixed_instances_policy": [],
            "name": "portfolio-osaka-asg",
            "name_prefix": "",
            "placement_group": "",
            "predicted_capacity": 0,
            "protect_from_scale_in": false,
            "service_linked_role_arn": "arn:aws:iam::931846072481:role/aws-service-role/autoscaling.amazonaws.com/AWSServiceRoleForAutoScaling",
            "suspended_processes": [],
            "tag": [
              {
                "key": "Name",
                "propagate_at_launch": true,
                "value": "portfolio-osaka-web"
              }
            ],
            "target_group_arns": [
              "arn:aws:elasticloadbalancing:ap-northeast-3:931846072481:targetgroup/ptftg-20260408145620742200000001/5c3411a312b28feb"
            ],
            "termination_policies": [],
            "timeouts": null,
            "traffic_source": [
              {
                "identifier": "arn:aws:elasticloadbalancing:ap-northeast-3:931846072481:targetgroup/ptftg-20260408145620742200000001/5c3411a312b28feb",
                "type": "elbv2"
              }
            ],
            "vpc_zone_identifier": [
              "subnet-002bdebae4d18d648",
              "subnet-08632cdade73f9645"
            ],
            "wait_for_capacity_timeout": "10m",
            "wait_for_elb_capacity": null,
            "warm_pool": [],
            "warm_pool_size": 0
          },
          "sensitive_attributes": [],
          "identity_schema_version": 0,
          "private": "eyJlMmJmYjczMC1lY2FhLTExZTYtOGY4OC0zNDM2M2JjN2M0YzAiOnsiZGVsZXRlIjo2MDAwMDAwMDAwMDAsInVwZGF0ZSI6NjAwMDAwMDAwMDAwfSwic2NoZW1hX3ZlcnNpb24iOiIxIn0=",
          "dependencies": [
            "aws_iam_instance_profile.ssm_profile",
            "aws_iam_role.ssm_role",
            "module.osaka.aws_launch_template.web",
            "module.osaka.aws_lb_target_group.main",
            "module.osaka.aws_route_table.private",
            "module.osaka.aws_s3_bucket.app",
            "module.osaka.aws_security_group.alb",
            "module.osaka.aws_security_group.vpce",
            "module.osaka.aws_security_group.web",
            "module.osaka.aws_subnet.private_a",
            "module.osaka.aws_subnet.private_c",
            "module.osaka.aws_vpc.main",
            "module.osaka.aws_vpc_endpoint.ec2messages",
            "module.osaka.aws_vpc_endpoint.s3",
            "module.osaka.aws_vpc_endpoint.ssm",
            "module.osaka.aws_vpc_endpoint.ssmmessages",
            "module.osaka.data.aws_caller_identity.current",
            "module.osaka.data.aws_ssm_parameter.ami"
          ]
        }
      ]
    },
    {
      "module": "module.osaka",
      "mode": "managed",
      "type": "aws_autoscaling_policy",
      "name": "scale_in",
      "provider": "provider[\"registry.terraform.io/hashicorp/aws\"].osaka",
      "instances": [
        {
          "schema_version": 0,
          "attributes": {
            "adjustment_type": "ChangeInCapacity",
            "arn": "arn:aws:autoscaling:ap-northeast-3:931846072481:scalingPolicy:3a2e7561-6f36-4b32-b879-2d917528fb4b:autoScalingGroupName/portfolio-osaka-asg:policyName/portfolio-osaka-scale-in",
            "autoscaling_group_name": "portfolio-osaka-asg",
            "cooldown": 120,
            "enabled": true,
            "estimated_instance_warmup": 0,
            "id": "portfolio-osaka-scale-in",
            "metric_aggregation_type": "",
            "min_adjustment_magnitude": 0,
            "name": "portfolio-osaka-scale-in",
            "policy_type": "SimpleScaling",
            "predictive_scaling_configuration": [],
            "scaling_adjustment": -1,
            "step_adjustment": [],
            "target_tracking_configuration": []
          },
          "sensitive_attributes": [],
          "identity_schema_version": 0,
          "private": "bnVsbA==",
          "dependencies": [
            "aws_iam_instance_profile.ssm_profile",
            "aws_iam_role.ssm_role",
            "module.osaka.aws_autoscaling_group.web",
            "module.osaka.aws_launch_template.web",
            "module.osaka.aws_lb_target_group.main",
            "module.osaka.aws_route_table.private",
            "module.osaka.aws_s3_bucket.app",
            "module.osaka.aws_security_group.alb",
            "module.osaka.aws_security_group.vpce",
            "module.osaka.aws_security_group.web",
            "module.osaka.aws_subnet.private_a",
            "module.osaka.aws_subnet.private_c",
            "module.osaka.aws_vpc.main",
            "module.osaka.aws_vpc_endpoint.ec2messages",
            "module.osaka.aws_vpc_endpoint.s3",
            "module.osaka.aws_vpc_endpoint.ssm",
            "module.osaka.aws_vpc_endpoint.ssmmessages",
            "module.osaka.data.aws_caller_identity.current",
            "module.osaka.data.aws_ssm_parameter.ami"
          ]
        }
      ]
    },
    {
      "module": "module.osaka",
      "mode": "managed",
      "type": "aws_autoscaling_policy",
      "name": "scale_out",
      "provider": "provider[\"registry.terraform.io/hashicorp/aws\"].osaka",
      "instances": [
        {
          "schema_version": 0,
          "attributes": {
            "adjustment_type": "ChangeInCapacity",
            "arn": "arn:aws:autoscaling:ap-northeast-3:931846072481:scalingPolicy:6007016f-3ec8-4825-834d-ea31f6c4e099:autoScalingGroupName/portfolio-osaka-asg:policyName/portfolio-osaka-scale-out",
            "autoscaling_group_name": "portfolio-osaka-asg",
            "cooldown": 120,
            "enabled": true,
            "estimated_instance_warmup": 0,
            "id": "portfolio-osaka-scale-out",
            "metric_aggregation_type": "",
            "min_adjustment_magnitude": 0,
            "name": "portfolio-osaka-scale-out",
            "policy_type": "SimpleScaling",
            "predictive_scaling_configuration": [],
            "scaling_adjustment": 1,
            "step_adjustment": [],
            "target_tracking_configuration": []
          },
          "sensitive_attributes": [],
          "identity_schema_version": 0,
          "private": "bnVsbA==",
          "dependencies": [
            "aws_iam_instance_profile.ssm_profile",
            "aws_iam_role.ssm_role",
            "module.osaka.aws_autoscaling_group.web",
            "module.osaka.aws_launch_template.web",
            "module.osaka.aws_lb_target_group.main",
            "module.osaka.aws_route_table.private",
            "module.osaka.aws_s3_bucket.app",
            "module.osaka.aws_security_group.alb",
            "module.osaka.aws_security_group.vpce",
            "module.osaka.aws_security_group.web",
            "module.osaka.aws_subnet.private_a",
            "module.osaka.aws_subnet.private_c",
            "module.osaka.aws_vpc.main",
            "module.osaka.aws_vpc_endpoint.ec2messages",
            "module.osaka.aws_vpc_endpoint.s3",
            "module.osaka.aws_vpc_endpoint.ssm",
            "module.osaka.aws_vpc_endpoint.ssmmessages",
            "module.osaka.data.aws_caller_identity.current",
            "module.osaka.data.aws_ssm_parameter.ami"
          ]
        }
      ]
    },
    {
      "module": "module.osaka",
      "mode": "managed",
      "type": "aws_cloudwatch_metric_alarm",
      "name": "cpu_high",
      "provider": "provider[\"registry.terraform.io/hashicorp/aws\"].osaka",
      "instances": [
        {
          "schema_version": 1,
          "attributes": {
            "actions_enabled": true,
            "alarm_actions": [
              "arn:aws:autoscaling:ap-northeast-3:931846072481:scalingPolicy:6007016f-3ec8-4825-834d-ea31f6c4e099:autoScalingGroupName/portfolio-osaka-asg:policyName/portfolio-osaka-scale-out"
            ],
            "alarm_description": "",
            "alarm_name": "portfolio-osaka-cpu-high",
            "arn": "arn:aws:cloudwatch:ap-northeast-3:931846072481:alarm:portfolio-osaka-cpu-high",
            "comparison_operator": "GreaterThanThreshold",
            "datapoints_to_alarm": 0,
            "dimensions": {
              "AutoScalingGroupName": "portfolio-osaka-asg"
            },
            "evaluate_low_sample_count_percentiles": "",
            "evaluation_periods": 2,
            "extended_statistic": "",
            "id": "portfolio-osaka-cpu-high",
            "insufficient_data_actions": [],
            "metric_name": "CPUUtilization",
            "metric_query": [],
            "namespace": "AWS/EC2",
            "ok_actions": [],
            "period": 60,
            "statistic": "Average",
            "tags": {},
            "tags_all": {},
            "threshold": 70,
            "threshold_metric_id": "",
            "treat_missing_data": "missing",
            "unit": ""
          },
          "sensitive_attributes": [],
          "identity_schema_version": 0,
          "private": "eyJzY2hlbWFfdmVyc2lvbiI6IjEifQ==",
          "dependencies": [
            "aws_iam_instance_profile.ssm_profile",
            "aws_iam_role.ssm_role",
            "module.osaka.aws_autoscaling_group.web",
            "module.osaka.aws_autoscaling_policy.scale_out",
            "module.osaka.aws_launch_template.web",
            "module.osaka.aws_lb_target_group.main",
            "module.osaka.aws_route_table.private",
            "module.osaka.aws_s3_bucket.app",
            "module.osaka.aws_security_group.alb",
            "module.osaka.aws_security_group.vpce",
            "module.osaka.aws_security_group.web",
            "module.osaka.aws_subnet.private_a",
            "module.osaka.aws_subnet.private_c",
            "module.osaka.aws_vpc.main",
            "module.osaka.aws_vpc_endpoint.ec2messages",
            "module.osaka.aws_vpc_endpoint.s3",
            "module.osaka.aws_vpc_endpoint.ssm",
            "module.osaka.aws_vpc_endpoint.ssmmessages",
            "module.osaka.data.aws_caller_identity.current",
            "module.osaka.data.aws_ssm_parameter.ami"
          ]
        }
      ]
    },
    {
      "module": "module.osaka",
      "mode": "managed",
      "type": "aws_cloudwatch_metric_alarm",
      "name": "cpu_low",
      "provider": "provider[\"registry.terraform.io/hashicorp/aws\"].osaka",
      "instances": [
        {
          "schema_version": 1,
          "attributes": {
            "actions_enabled": true,
            "alarm_actions": [
              "arn:aws:autoscaling:ap-northeast-3:931846072481:scalingPolicy:3a2e7561-6f36-4b32-b879-2d917528fb4b:autoScalingGroupName/portfolio-osaka-asg:policyName/portfolio-osaka-scale-in"
            ],
            "alarm_description": "",
            "alarm_name": "portfolio-osaka-cpu-low",
            "arn": "arn:aws:cloudwatch:ap-northeast-3:931846072481:alarm:portfolio-osaka-cpu-low",
            "comparison_operator": "LessThanThreshold",
            "datapoints_to_alarm": 0,
            "dimensions": {
              "AutoScalingGroupName": "portfolio-osaka-asg"
            },
            "evaluate_low_sample_count_percentiles": "",
            "evaluation_periods": 2,
            "extended_statistic": "",
            "id": "portfolio-osaka-cpu-low",
            "insufficient_data_actions": [],
            "metric_name": "CPUUtilization",
            "metric_query": [],
            "namespace": "AWS/EC2",
            "ok_actions": [],
            "period": 60,
            "statistic": "Average",
            "tags": {},
            "tags_all": {},
            "threshold": 30,
            "threshold_metric_id": "",
            "treat_missing_data": "missing",
            "unit": ""
          },
          "sensitive_attributes": [],
          "identity_schema_version": 0,
          "private": "eyJzY2hlbWFfdmVyc2lvbiI6IjEifQ==",
          "dependencies": [
            "aws_iam_instance_profile.ssm_profile",
            "aws_iam_role.ssm_role",
            "module.osaka.aws_autoscaling_group.web",
            "module.osaka.aws_autoscaling_policy.scale_in",
            "module.osaka.aws_launch_template.web",
            "module.osaka.aws_lb_target_group.main",
            "module.osaka.aws_route_table.private",
            "module.osaka.aws_s3_bucket.app",
            "module.osaka.aws_security_group.alb",
            "module.osaka.aws_security_group.vpce",
            "module.osaka.aws_security_group.web",
            "module.osaka.aws_subnet.private_a",
            "module.osaka.aws_subnet.private_c",
            "module.osaka.aws_vpc.main",
            "module.osaka.aws_vpc_endpoint.ec2messages",
            "module.osaka.aws_vpc_endpoint.s3",
            "module.osaka.aws_vpc_endpoint.ssm",
            "module.osaka.aws_vpc_endpoint.ssmmessages",
            "module.osaka.data.aws_caller_identity.current",
            "module.osaka.data.aws_ssm_parameter.ami"
          ]
        }
      ]
    },
    {
      "module": "module.osaka",
      "mode": "managed",
      "type": "aws_internet_gateway",
      "name": "main",
      "provider": "provider[\"registry.terraform.io/hashicorp/aws\"].osaka",
      "instances": [
        {
          "schema_version": 0,
          "attributes": {
            "arn": "arn:aws:ec2:ap-northeast-3:931846072481:internet-gateway/igw-02a6df75fddea01e4",
            "id": "igw-02a6df75fddea01e4",
            "owner_id": "931846072481",
            "tags": {
              "Name": "portfolio-osaka-igw"
            },
            "tags_all": {
              "Name": "portfolio-osaka-igw"
            },
            "timeouts": null,
            "vpc_id": "vpc-002b5e616a65b9a3f"
          },
          "sensitive_attributes": [],
          "identity_schema_version": 0,
          "private": "eyJlMmJmYjczMC1lY2FhLTExZTYtOGY4OC0zNDM2M2JjN2M0YzAiOnsiY3JlYXRlIjoxMjAwMDAwMDAwMDAwLCJkZWxldGUiOjEyMDAwMDAwMDAwMDAsInVwZGF0ZSI6MTIwMDAwMDAwMDAwMH19",
          "dependencies": [
            "module.osaka.aws_vpc.main"
          ]
        }
      ]
    },
    {
      "module": "module.osaka",
      "mode": "managed",
      "type": "aws_launch_template",
      "name": "web",
      "provider": "provider[\"registry.terraform.io/hashicorp/aws\"].osaka",
      "instances": [
        {
          "schema_version": 0,
          "attributes": {
            "arn": "arn:aws:ec2:ap-northeast-3:931846072481:launch-template/lt-0cae5dc9c93074569",
            "block_device_mappings": [],
            "capacity_reservation_specification": [],
            "cpu_options": [],
            "credit_specification": [],
            "default_version": 1,
            "description": "",
            "disable_api_stop": false,
            "disable_api_termination": false,
            "ebs_optimized": "",
            "elastic_gpu_specifications": [],
            "elastic_inference_accelerator": [],
            "enclave_options": [],
            "hibernation_options": [],
            "iam_instance_profile": [
              {
                "arn": "",
                "name": "portfolio-ssm-profile"
              }
            ],
            "id": "lt-0cae5dc9c93074569",
            "image_id": "ami-07f7503cf1e769f8d",
            "instance_initiated_shutdown_behavior": "",
            "instance_market_options": [],
            "instance_requirements": [],
            "instance_type": "t3.micro",
            "kernel_id": "",
            "key_name": "",
            "latest_version": 4,
            "license_specification": [],
            "maintenance_options": [],
            "metadata_options": [],
            "monitoring": [],
            "name": "portfolio-osaka-web-20260408043100034900000006",
            "name_prefix": "portfolio-osaka-web-",
            "network_interfaces": [
              {
                "associate_carrier_ip_address": "",
                "associate_public_ip_address": "",
                "connection_tracking_specification": [],
                "delete_on_termination": "",
                "description": "",
                "device_index": 0,
                "ena_srd_specification": [],
                "interface_type": "",
                "ipv4_address_count": 0,
                "ipv4_addresses": [],
                "ipv4_prefix_count": 0,
                "ipv4_prefixes": [],
                "ipv6_address_count": 0,
                "ipv6_addresses": [],
                "ipv6_prefix_count": 0,
                "ipv6_prefixes": [],
                "network_card_index": 0,
                "network_interface_id": "",
                "primary_ipv6": "",
                "private_ip_address": "",
                "security_groups": [
                  "sg-0f8e08a05d18711e0"
                ],
                "subnet_id": ""
              }
            ],
            "placement": [],
            "private_dns_name_options": [],
            "ram_disk_id": "",
            "security_group_names": [],
            "tag_specifications": [],
            "tags": {},
            "tags_all": {},
            "update_default_version": null,
            "user_data": "IyEvYmluL2Jhc2gKc2V0IC1lCm1rZGlyIC1wIC9hcHAgL3RtcC93aGVlbHMKYXdzIHMzIGNwIHMzOi8vcG9ydGZvbGlvLWFwcC05MzE4NDYwNzI0ODEtb3Nha2EvYXBwL21haW4ucHkgL2FwcC9tYWluLnB5CmF3cyBzMyBzeW5jIHMzOi8vcG9ydGZvbGlvLWFwcC05MzE4NDYwNzI0ODEtb3Nha2Evd2hlZWxzLyAvdG1wL3doZWVscy8KcHl0aG9uMyAtbSBlbnN1cmVwaXAKcHl0aG9uMyAtbSBwaXAgaW5zdGFsbCAtLW5vLWluZGV4IC0tZmluZC1saW5rcyAvdG1wL3doZWVscyBmbGFzayBib3RvMwoKCiMgSU1EU3YyOiDjgb7jgZrjg4jjg7zjgq/jg7PjgpLlj5blvpcKVE9LRU49JChjdXJsIC1zIC1YIFBVVCBodHRwOi8vMTY5LjI1NC4xNjkuMjU0L2xhdGVzdC9hcGkvdG9rZW4gXAogIC1IICJYLWF3cy1lYzItbWV0YWRhdGEtdG9rZW4tdHRsLXNlY29uZHM6NjAiKQoKIyDjg4jjg7zjgq/jg7PjgpLkvb/jgaPjgabjg6rjg7zjgrjjg6fjg7PjgpLlj5blvpcKUkVHSU9OPSQoY3VybCAtcyBodHRwOi8vMTY5LjI1NC4xNjkuMjU0L2xhdGVzdC9tZXRhLWRhdGEvcGxhY2VtZW50L3JlZ2lvbiBcCiAgLUggIlgtYXdzLWVjMi1tZXRhZGF0YS10b2tlbjogJFRPS0VOIikKCmNhdCA+IC9ldGMvc3lzdGVtZC9zeXN0ZW0vcG9ydGZvbGlvLnNlcnZpY2UgPDxVTklUCltVbml0XQpEZXNjcmlwdGlvbj1Qb3J0Zm9saW8gRmxhc2sgQXBwCkFmdGVyPW5ldHdvcmsudGFyZ2V0CgpbU2VydmljZV0KRW52aXJvbm1lbnQ9QVdTX0RFRkFVTFRfUkVHSU9OPSR7UkVHSU9OfQpFeGVjU3RhcnQ9L3Vzci9iaW4vcHl0aG9uMyAvYXBwL21haW4ucHkKUmVzdGFydD1hbHdheXMKVXNlcj1yb290CgpbSW5zdGFsbF0KV2FudGVkQnk9bXVsdGktdXNlci50YXJnZXQKVU5JVAoKc3lzdGVtY3RsIGVuYWJsZSBwb3J0Zm9saW8Kc3lzdGVtY3RsIHN0YXJ0IHBvcnRmb2xpbwo=",
            "vpc_security_group_ids": []
          },
          "sensitive_attributes": [
            [
              {
                "type": "get_attr",
                "value": "image_id"
              }
            ]
          ],
          "identity_schema_version": 0,
          "private": "bnVsbA==",
          "dependencies": [
            "aws_iam_instance_profile.ssm_profile",
            "aws_iam_role.ssm_role",
            "module.osaka.aws_s3_bucket.app",
            "module.osaka.aws_security_group.alb",
            "module.osaka.aws_security_group.web",
            "module.osaka.aws_vpc.main",
            "module.osaka.data.aws_caller_identity.current",
            "module.osaka.data.aws_ssm_parameter.ami"
          ]
        }
      ]
    },
    {
      "module": "module.osaka",
      "mode": "managed",
      "type": "aws_lb",
      "name": "main",
      "provider": "provider[\"registry.terraform.io/hashicorp/aws\"].osaka",
      "instances": [
        {
          "schema_version": 0,
          "attributes": {
            "access_logs": [
              {
                "bucket": "",
                "enabled": false,
                "prefix": ""
              }
            ],
            "arn": "arn:aws:elasticloadbalancing:ap-northeast-3:931846072481:loadbalancer/app/portfolio-osaka-alb/eaeb10ba0bbf560c",
            "arn_suffix": "app/portfolio-osaka-alb/eaeb10ba0bbf560c",
            "client_keep_alive": 3600,
            "connection_logs": [
              {
                "bucket": "",
                "enabled": false,
                "prefix": ""
              }
            ],
            "customer_owned_ipv4_pool": "",
            "desync_mitigation_mode": "defensive",
            "dns_name": "portfolio-osaka-alb-1473548568.ap-northeast-3.elb.amazonaws.com",
            "dns_record_client_routing_policy": null,
            "drop_invalid_header_fields": false,
            "enable_cross_zone_load_balancing": true,
            "enable_deletion_protection": false,
            "enable_http2": true,
            "enable_tls_version_and_cipher_suite_headers": false,
            "enable_waf_fail_open": false,
            "enable_xff_client_port": false,
            "enable_zonal_shift": false,
            "enforce_security_group_inbound_rules_on_private_link_traffic": "",
            "id": "arn:aws:elasticloadbalancing:ap-northeast-3:931846072481:loadbalancer/app/portfolio-osaka-alb/eaeb10ba0bbf560c",
            "idle_timeout": 60,
            "internal": false,
            "ip_address_type": "ipv4",
            "ipam_pools": [],
            "load_balancer_type": "application",
            "minimum_load_balancer_capacity": [],
            "name": "portfolio-osaka-alb",
            "name_prefix": "",
            "preserve_host_header": false,
            "security_groups": [
              "sg-09498f1235c23e620"
            ],
            "subnet_mapping": [
              {
                "allocation_id": "",
                "ipv6_address": "",
                "outpost_id": "",
                "private_ipv4_address": "",
                "subnet_id": "subnet-03897b7218a2945d1"
              },
              {
                "allocation_id": "",
                "ipv6_address": "",
                "outpost_id": "",
                "private_ipv4_address": "",
                "subnet_id": "subnet-0c04df569093f2be9"
              }
            ],
            "subnets": [
              "subnet-03897b7218a2945d1",
              "subnet-0c04df569093f2be9"
            ],
            "tags": {
              "Name": "portfolio-osaka-alb"
            },
            "tags_all": {
              "Name": "portfolio-osaka-alb"
            },
            "timeouts": null,
            "vpc_id": "vpc-002b5e616a65b9a3f",
            "xff_header_processing_mode": "append",
            "zone_id": "Z5LXEXXYW11ES"
          },
          "sensitive_attributes": [],
          "identity_schema_version": 0,
          "private": "eyJlMmJmYjczMC1lY2FhLTExZTYtOGY4OC0zNDM2M2JjN2M0YzAiOnsiY3JlYXRlIjo2MDAwMDAwMDAwMDAsImRlbGV0ZSI6NjAwMDAwMDAwMDAwLCJ1cGRhdGUiOjYwMDAwMDAwMDAwMH19",
          "dependencies": [
            "module.osaka.aws_security_group.alb",
            "module.osaka.aws_subnet.public_a",
            "module.osaka.aws_subnet.public_c",
            "module.osaka.aws_vpc.main"
          ]
        }
      ]
    },
    {
      "module": "module.osaka",
      "mode": "managed",
      "type": "aws_lb_listener",
      "name": "http_redirect",
      "provider": "provider[\"registry.terraform.io/hashicorp/aws\"].osaka",
      "instances": [
        {
          "schema_version": 0,
          "attributes": {
            "alpn_policy": null,
            "arn": "arn:aws:elasticloadbalancing:ap-northeast-3:931846072481:listener/app/portfolio-osaka-alb/eaeb10ba0bbf560c/591678ae7db1f8d4",
            "certificate_arn": null,
            "default_action": [
              {
                "authenticate_cognito": [],
                "authenticate_oidc": [],
                "fixed_response": [],
                "forward": [],
                "order": 1,
                "redirect": [
                  {
                    "host": "#{host}",
                    "path": "/#{path}",
                    "port": "443",
                    "protocol": "HTTPS",
                    "query": "#{query}",
                    "status_code": "HTTP_301"
                  }
                ],
                "target_group_arn": "",
                "type": "redirect"
              }
            ],
            "id": "arn:aws:elasticloadbalancing:ap-northeast-3:931846072481:listener/app/portfolio-osaka-alb/eaeb10ba0bbf560c/591678ae7db1f8d4",
            "load_balancer_arn": "arn:aws:elasticloadbalancing:ap-northeast-3:931846072481:loadbalancer/app/portfolio-osaka-alb/eaeb10ba0bbf560c",
            "mutual_authentication": [],
            "port": 80,
            "protocol": "HTTP",
            "routing_http_request_x_amzn_mtls_clientcert_header_name": null,
            "routing_http_request_x_amzn_mtls_clientcert_issuer_header_name": null,
            "routing_http_request_x_amzn_mtls_clientcert_leaf_header_name": null,
            "routing_http_request_x_amzn_mtls_clientcert_serial_number_header_name": null,
            "routing_http_request_x_amzn_mtls_clientcert_subject_header_name": null,
            "routing_http_request_x_amzn_mtls_clientcert_validity_header_name": null,
            "routing_http_request_x_amzn_tls_cipher_suite_header_name": null,
            "routing_http_request_x_amzn_tls_version_header_name": null,
            "routing_http_response_access_control_allow_credentials_header_value": "",
            "routing_http_response_access_control_allow_headers_header_value": "",
            "routing_http_response_access_control_allow_methods_header_value": "",
            "routing_http_response_access_control_allow_origin_header_value": "",
            "routing_http_response_access_control_expose_headers_header_value": "",
            "routing_http_response_access_control_max_age_header_value": "",
            "routing_http_response_content_security_policy_header_value": "",
            "routing_http_response_server_enabled": true,
            "routing_http_response_strict_transport_security_header_value": "",
            "routing_http_response_x_content_type_options_header_value": "",
            "routing_http_response_x_frame_options_header_value": "",
            "ssl_policy": "",
            "tags": {},
            "tags_all": {},
            "tcp_idle_timeout_seconds": null,
            "timeouts": null
          },
          "sensitive_attributes": [],
          "identity_schema_version": 0,
          "private": "eyJlMmJmYjczMC1lY2FhLTExZTYtOGY4OC0zNDM2M2JjN2M0YzAiOnsiY3JlYXRlIjozMDAwMDAwMDAwMDAsInVwZGF0ZSI6MzAwMDAwMDAwMDAwfX0=",
          "dependencies": [
            "module.osaka.aws_lb.main",
            "module.osaka.aws_security_group.alb",
            "module.osaka.aws_subnet.public_a",
            "module.osaka.aws_subnet.public_c",
            "module.osaka.aws_vpc.main"
          ]
        }
      ]
    },
    {
      "module": "module.osaka",
      "mode": "managed",
      "type": "aws_lb_listener",
      "name": "https",
      "provider": "provider[\"registry.terraform.io/hashicorp/aws\"].osaka",
      "instances": [
        {
          "schema_version": 0,
          "attributes": {
            "alpn_policy": null,
            "arn": "arn:aws:elasticloadbalancing:ap-northeast-3:931846072481:listener/app/portfolio-osaka-alb/eaeb10ba0bbf560c/56c6cf559ff1f16c",
            "certificate_arn": "arn:aws:acm:ap-northeast-3:931846072481:certificate/963df6f1-f4e0-4357-a4d6-fc7a122338c0",
            "default_action": [
              {
                "authenticate_cognito": [],
                "authenticate_oidc": [],
                "fixed_response": [],
                "forward": [],
                "order": 1,
                "redirect": [],
                "target_group_arn": "arn:aws:elasticloadbalancing:ap-northeast-3:931846072481:targetgroup/ptftg-20260408145620742200000001/5c3411a312b28feb",
                "type": "forward"
              }
            ],
            "id": "arn:aws:elasticloadbalancing:ap-northeast-3:931846072481:listener/app/portfolio-osaka-alb/eaeb10ba0bbf560c/56c6cf559ff1f16c",
            "load_balancer_arn": "arn:aws:elasticloadbalancing:ap-northeast-3:931846072481:loadbalancer/app/portfolio-osaka-alb/eaeb10ba0bbf560c",
            "mutual_authentication": [
              {
                "advertise_trust_store_ca_names": "",
                "ignore_client_certificate_expiry": false,
                "mode": "off",
                "trust_store_arn": ""
              }
            ],
            "port": 443,
            "protocol": "HTTPS",
            "routing_http_request_x_amzn_mtls_clientcert_header_name": "",
            "routing_http_request_x_amzn_mtls_clientcert_issuer_header_name": "",
            "routing_http_request_x_amzn_mtls_clientcert_leaf_header_name": "",
            "routing_http_request_x_amzn_mtls_clientcert_serial_number_header_name": "",
            "routing_http_request_x_amzn_mtls_clientcert_subject_header_name": "",
            "routing_http_request_x_amzn_mtls_clientcert_validity_header_name": "",
            "routing_http_request_x_amzn_tls_cipher_suite_header_name": "",
            "routing_http_request_x_amzn_tls_version_header_name": "",
            "routing_http_response_access_control_allow_credentials_header_value": "",
            "routing_http_response_access_control_allow_headers_header_value": "",
            "routing_http_response_access_control_allow_methods_header_value": "",
            "routing_http_response_access_control_allow_origin_header_value": "",
            "routing_http_response_access_control_expose_headers_header_value": "",
            "routing_http_response_access_control_max_age_header_value": "",
            "routing_http_response_content_security_policy_header_value": "",
            "routing_http_response_server_enabled": true,
            "routing_http_response_strict_transport_security_header_value": "",
            "routing_http_response_x_content_type_options_header_value": "",
            "routing_http_response_x_frame_options_header_value": "",
            "ssl_policy": "ELBSecurityPolicy-TLS13-1-2-2021-06",
            "tags": {},
            "tags_all": {},
            "tcp_idle_timeout_seconds": null,
            "timeouts": null
          },
          "sensitive_attributes": [],
          "identity_schema_version": 0,
          "private": "eyJlMmJmYjczMC1lY2FhLTExZTYtOGY4OC0zNDM2M2JjN2M0YzAiOnsiY3JlYXRlIjozMDAwMDAwMDAwMDAsInVwZGF0ZSI6MzAwMDAwMDAwMDAwfX0=",
          "dependencies": [
            "aws_route53_zone.portfolio_sub",
            "module.osaka.aws_acm_certificate.main",
            "module.osaka.aws_acm_certificate_validation.main",
            "module.osaka.aws_lb.main",
            "module.osaka.aws_lb_target_group.main",
            "module.osaka.aws_route53_record.cert_validation",
            "module.osaka.aws_security_group.alb",
            "module.osaka.aws_subnet.public_a",
            "module.osaka.aws_subnet.public_c",
            "module.osaka.aws_vpc.main"
          ]
        }
      ]
    },
    {
      "module": "module.osaka",
      "mode": "managed",
      "type": "aws_lb_target_group",
      "name": "main",
      "provider": "provider[\"registry.terraform.io/hashicorp/aws\"].osaka",
      "instances": [
        {
          "schema_version": 0,
          "attributes": {
            "arn": "arn:aws:elasticloadbalancing:ap-northeast-3:931846072481:targetgroup/ptftg-20260408145620742200000001/5c3411a312b28feb",
            "arn_suffix": "targetgroup/ptftg-20260408145620742200000001/5c3411a312b28feb",
            "connection_termination": null,
            "deregistration_delay": "300",
            "health_check": [
              {
                "enabled": true,
                "healthy_threshold": 2,
                "interval": 30,
                "matcher": "200",
                "path": "/",
                "port": "traffic-port",
                "protocol": "HTTP",
                "timeout": 5,
                "unhealthy_threshold": 3
              }
            ],
            "id": "arn:aws:elasticloadbalancing:ap-northeast-3:931846072481:targetgroup/ptftg-20260408145620742200000001/5c3411a312b28feb",
            "ip_address_type": "ipv4",
            "lambda_multi_value_headers_enabled": false,
            "load_balancer_arns": [
              "arn:aws:elasticloadbalancing:ap-northeast-3:931846072481:loadbalancer/app/portfolio-osaka-alb/eaeb10ba0bbf560c"
            ],
            "load_balancing_algorithm_type": "round_robin",
            "load_balancing_anomaly_mitigation": "off",
            "load_balancing_cross_zone_enabled": "use_load_balancer_configuration",
            "name": "ptftg-20260408145620742200000001",
            "name_prefix": "ptftg-",
            "port": 8080,
            "preserve_client_ip": null,
            "protocol": "HTTP",
            "protocol_version": "HTTP1",
            "proxy_protocol_v2": false,
            "slow_start": 0,
            "stickiness": [
              {
                "cookie_duration": 86400,
                "cookie_name": "",
                "enabled": false,
                "type": "lb_cookie"
              }
            ],
            "tags": {},
            "tags_all": {},
            "target_failover": [
              {
                "on_deregistration": null,
                "on_unhealthy": null
              }
            ],
            "target_group_health": [
              {
                "dns_failover": [
                  {
                    "minimum_healthy_targets_count": "1",
                    "minimum_healthy_targets_percentage": "off"
                  }
                ],
                "unhealthy_state_routing": [
                  {
                    "minimum_healthy_targets_count": 1,
                    "minimum_healthy_targets_percentage": "off"
                  }
                ]
              }
            ],
            "target_health_state": [
              {
                "enable_unhealthy_connection_termination": null,
                "unhealthy_draining_interval": null
              }
            ],
            "target_type": "instance",
            "vpc_id": "vpc-002b5e616a65b9a3f"
          },
          "sensitive_attributes": [],
          "identity_schema_version": 0,
          "private": "bnVsbA==",
          "dependencies": [
            "module.osaka.aws_vpc.main"
          ],
          "create_before_destroy": true
        }
      ]
    },
    {
      "module": "module.osaka",
      "mode": "managed",
      "type": "aws_route53_record",
      "name": "cert_validation",
      "provider": "provider[\"registry.terraform.io/hashicorp/aws\"].osaka",
      "instances": [
        {
          "index_key": "portfolio.vexations.org",
          "schema_version": 2,
          "attributes": {
            "alias": [],
            "allow_overwrite": true,
            "cidr_routing_policy": [],
            "failover_routing_policy": [],
            "fqdn": "_e2d449a81a0b04a74c9f8701e6ec64ad.portfolio.vexations.org",
            "geolocation_routing_policy": [],
            "geoproximity_routing_policy": [],
            "health_check_id": "",
            "id": "Z09663592037PVJZ4HVM7__e2d449a81a0b04a74c9f8701e6ec64ad.portfolio.vexations.org._CNAME",
            "latency_routing_policy": [],
            "multivalue_answer_routing_policy": false,
            "name": "_e2d449a81a0b04a74c9f8701e6ec64ad.portfolio.vexations.org",
            "records": [
              "_aadb6f1807b0dee0f5fa8764708706be.jkddzztszm.acm-validations.aws."
            ],
            "set_identifier": "",
            "timeouts": null,
            "ttl": 60,
            "type": "CNAME",
            "weighted_routing_policy": [],
            "zone_id": "Z09663592037PVJZ4HVM7"
          },
          "sensitive_attributes": [],
          "identity_schema_version": 0,
          "private": "eyJlMmJmYjczMC1lY2FhLTExZTYtOGY4OC0zNDM2M2JjN2M0YzAiOnsiY3JlYXRlIjoxODAwMDAwMDAwMDAwLCJkZWxldGUiOjE4MDAwMDAwMDAwMDAsInVwZGF0ZSI6MTgwMDAwMDAwMDAwMH0sInNjaGVtYV92ZXJzaW9uIjoiMiJ9",
          "dependencies": [
            "aws_route53_zone.portfolio_sub",
            "module.osaka.aws_acm_certificate.main"
          ]
        }
      ]
    },
    {
      "module": "module.osaka",
      "mode": "managed",
      "type": "aws_route_table",
      "name": "private",
      "provider": "provider[\"registry.terraform.io/hashicorp/aws\"].osaka",
      "instances": [
        {
          "schema_version": 0,
          "attributes": {
            "arn": "arn:aws:ec2:ap-northeast-3:931846072481:route-table/rtb-0cf2ab3b039b768c5",
            "id": "rtb-0cf2ab3b039b768c5",
            "owner_id": "931846072481",
            "propagating_vgws": [],
            "route": [],
            "tags": {
              "Name": "portfolio-osaka-private-rt"
            },
            "tags_all": {
              "Name": "portfolio-osaka-private-rt"
            },
            "timeouts": null,
            "vpc_id": "vpc-002b5e616a65b9a3f"
          },
          "sensitive_attributes": [],
          "identity_schema_version": 0,
          "private": "eyJlMmJmYjczMC1lY2FhLTExZTYtOGY4OC0zNDM2M2JjN2M0YzAiOnsiY3JlYXRlIjozMDAwMDAwMDAwMDAsImRlbGV0ZSI6MzAwMDAwMDAwMDAwLCJ1cGRhdGUiOjEyMDAwMDAwMDAwMH19",
          "dependencies": [
            "module.osaka.aws_vpc.main"
          ]
        }
      ]
    },
    {
      "module": "module.osaka",
      "mode": "managed",
      "type": "aws_route_table",
      "name": "public",
      "provider": "provider[\"registry.terraform.io/hashicorp/aws\"].osaka",
      "instances": [
        {
          "schema_version": 0,
          "attributes": {
            "arn": "arn:aws:ec2:ap-northeast-3:931846072481:route-table/rtb-0488ce0af429b535e",
            "id": "rtb-0488ce0af429b535e",
            "owner_id": "931846072481",
            "propagating_vgws": [],
            "route": [
              {
                "carrier_gateway_id": "",
                "cidr_block": "0.0.0.0/0",
                "core_network_arn": "",
                "destination_prefix_list_id": "",
                "egress_only_gateway_id": "",
                "gateway_id": "igw-02a6df75fddea01e4",
                "ipv6_cidr_block": "",
                "local_gateway_id": "",
                "nat_gateway_id": "",
                "network_interface_id": "",
                "transit_gateway_id": "",
                "vpc_endpoint_id": "",
                "vpc_peering_connection_id": ""
              }
            ],
            "tags": {
              "Name": "portfolio-osaka-public-rt"
            },
            "tags_all": {
              "Name": "portfolio-osaka-public-rt"
            },
            "timeouts": null,
            "vpc_id": "vpc-002b5e616a65b9a3f"
          },
          "sensitive_attributes": [],
          "identity_schema_version": 0,
          "private": "eyJlMmJmYjczMC1lY2FhLTExZTYtOGY4OC0zNDM2M2JjN2M0YzAiOnsiY3JlYXRlIjozMDAwMDAwMDAwMDAsImRlbGV0ZSI6MzAwMDAwMDAwMDAwLCJ1cGRhdGUiOjEyMDAwMDAwMDAwMH19",
          "dependencies": [
            "module.osaka.aws_internet_gateway.main",
            "module.osaka.aws_vpc.main"
          ]
        }
      ]
    },
    {
      "module": "module.osaka",
      "mode": "managed",
      "type": "aws_route_table_association",
      "name": "private_a",
      "provider": "provider[\"registry.terraform.io/hashicorp/aws\"].osaka",
      "instances": [
        {
          "schema_version": 0,
          "attributes": {
            "gateway_id": "",
            "id": "rtbassoc-0aebadee808e70551",
            "route_table_id": "rtb-0cf2ab3b039b768c5",
            "subnet_id": "subnet-002bdebae4d18d648",
            "timeouts": null
          },
          "sensitive_attributes": [],
          "identity_schema_version": 0,
          "private": "eyJlMmJmYjczMC1lY2FhLTExZTYtOGY4OC0zNDM2M2JjN2M0YzAiOnsiY3JlYXRlIjozMDAwMDAwMDAwMDAsImRlbGV0ZSI6MzAwMDAwMDAwMDAwLCJ1cGRhdGUiOjEyMDAwMDAwMDAwMH19",
          "dependencies": [
            "module.osaka.aws_route_table.private",
            "module.osaka.aws_subnet.private_a",
            "module.osaka.aws_vpc.main"
          ]
        }
      ]
    },
    {
      "module": "module.osaka",
      "mode": "managed",
      "type": "aws_route_table_association",
      "name": "private_c",
      "provider": "provider[\"registry.terraform.io/hashicorp/aws\"].osaka",
      "instances": [
        {
          "schema_version": 0,
          "attributes": {
            "gateway_id": "",
            "id": "rtbassoc-0c14b0d221e107b2e",
            "route_table_id": "rtb-0cf2ab3b039b768c5",
            "subnet_id": "subnet-08632cdade73f9645",
            "timeouts": null
          },
          "sensitive_attributes": [],
          "identity_schema_version": 0,
          "private": "eyJlMmJmYjczMC1lY2FhLTExZTYtOGY4OC0zNDM2M2JjN2M0YzAiOnsiY3JlYXRlIjozMDAwMDAwMDAwMDAsImRlbGV0ZSI6MzAwMDAwMDAwMDAwLCJ1cGRhdGUiOjEyMDAwMDAwMDAwMH19",
          "dependencies": [
            "module.osaka.aws_route_table.private",
            "module.osaka.aws_subnet.private_c",
            "module.osaka.aws_vpc.main"
          ]
        }
      ]
    },
    {
      "module": "module.osaka",
      "mode": "managed",
      "type": "aws_route_table_association",
      "name": "public_a",
      "provider": "provider[\"registry.terraform.io/hashicorp/aws\"].osaka",
      "instances": [
        {
          "schema_version": 0,
          "attributes": {
            "gateway_id": "",
            "id": "rtbassoc-07f7d7314d6ce56ae",
            "route_table_id": "rtb-0488ce0af429b535e",
            "subnet_id": "subnet-03897b7218a2945d1",
            "timeouts": null
          },
          "sensitive_attributes": [],
          "identity_schema_version": 0,
          "private": "eyJlMmJmYjczMC1lY2FhLTExZTYtOGY4OC0zNDM2M2JjN2M0YzAiOnsiY3JlYXRlIjozMDAwMDAwMDAwMDAsImRlbGV0ZSI6MzAwMDAwMDAwMDAwLCJ1cGRhdGUiOjEyMDAwMDAwMDAwMH19",
          "dependencies": [
            "module.osaka.aws_internet_gateway.main",
            "module.osaka.aws_route_table.public",
            "module.osaka.aws_subnet.public_a",
            "module.osaka.aws_vpc.main"
          ]
        }
      ]
    },
    {
      "module": "module.osaka",
      "mode": "managed",
      "type": "aws_route_table_association",
      "name": "public_c",
      "provider": "provider[\"registry.terraform.io/hashicorp/aws\"].osaka",
      "instances": [
        {
          "schema_version": 0,
          "attributes": {
            "gateway_id": "",
            "id": "rtbassoc-00ac231c6931b2603",
            "route_table_id": "rtb-0488ce0af429b535e",
            "subnet_id": "subnet-0c04df569093f2be9",
            "timeouts": null
          },
          "sensitive_attributes": [],
          "identity_schema_version": 0,
          "private": "eyJlMmJmYjczMC1lY2FhLTExZTYtOGY4OC0zNDM2M2JjN2M0YzAiOnsiY3JlYXRlIjozMDAwMDAwMDAwMDAsImRlbGV0ZSI6MzAwMDAwMDAwMDAwLCJ1cGRhdGUiOjEyMDAwMDAwMDAwMH19",
          "dependencies": [
            "module.osaka.aws_internet_gateway.main",
            "module.osaka.aws_route_table.public",
            "module.osaka.aws_subnet.public_c",
            "module.osaka.aws_vpc.main"
          ]
        }
      ]
    },
    {
      "module": "module.osaka",
      "mode": "managed",
      "type": "aws_s3_bucket",
      "name": "app",
      "provider": "provider[\"registry.terraform.io/hashicorp/aws\"].osaka",
      "instances": [
        {
          "schema_version": 0,
          "attributes": {
            "acceleration_status": "",
            "acl": null,
            "arn": "arn:aws:s3:::portfolio-app-931846072481-osaka",
            "bucket": "portfolio-app-931846072481-osaka",
            "bucket_domain_name": "portfolio-app-931846072481-osaka.s3.amazonaws.com",
            "bucket_prefix": "",
            "bucket_regional_domain_name": "portfolio-app-931846072481-osaka.s3.ap-northeast-3.amazonaws.com",
            "cors_rule": [],
            "force_destroy": false,
            "grant": [
              {
                "id": "465aa80e9e493a49087d584f65128ff8e5fdd1753de4311402b62b35888d609f",
                "permissions": [
                  "FULL_CONTROL"
                ],
                "type": "CanonicalUser",
                "uri": ""
              }
            ],
            "hosted_zone_id": "Z2YQB5RD63NC85",
            "id": "portfolio-app-931846072481-osaka",
            "lifecycle_rule": [],
            "logging": [],
            "object_lock_configuration": [],
            "object_lock_enabled": false,
            "policy": "",
            "region": "ap-northeast-3",
            "replication_configuration": [],
            "request_payer": "BucketOwner",
            "server_side_encryption_configuration": [
              {
                "rule": [
                  {
                    "apply_server_side_encryption_by_default": [
                      {
                        "kms_master_key_id": "",
                        "sse_algorithm": "AES256"
                      }
                    ],
                    "bucket_key_enabled": false
                  }
                ]
              }
            ],
            "tags": {},
            "tags_all": {},
            "timeouts": null,
            "versioning": [
              {
                "enabled": false,
                "mfa_delete": false
              }
            ],
            "website": [],
            "website_domain": null,
            "website_endpoint": null
          },
          "sensitive_attributes": [],
          "identity_schema_version": 0,
          "private": "eyJlMmJmYjczMC1lY2FhLTExZTYtOGY4OC0zNDM2M2JjN2M0YzAiOnsiY3JlYXRlIjoxMjAwMDAwMDAwMDAwLCJkZWxldGUiOjM2MDAwMDAwMDAwMDAsInJlYWQiOjEyMDAwMDAwMDAwMDAsInVwZGF0ZSI6MTIwMDAwMDAwMDAwMH19",
          "dependencies": [
            "module.osaka.data.aws_caller_identity.current"
          ]
        }
      ]
    },
    {
      "module": "module.osaka",
      "mode": "managed",
      "type": "aws_s3_bucket_public_access_block",
      "name": "app",
      "provider": "provider[\"registry.terraform.io/hashicorp/aws\"].osaka",
      "instances": [
        {
          "schema_version": 0,
          "attributes": {
            "block_public_acls": true,
            "block_public_policy": true,
            "bucket": "portfolio-app-931846072481-osaka",
            "id": "portfolio-app-931846072481-osaka",
            "ignore_public_acls": true,
            "restrict_public_buckets": true
          },
          "sensitive_attributes": [],
          "identity_schema_version": 0,
          "private": "bnVsbA==",
          "dependencies": [
            "module.osaka.aws_s3_bucket.app",
            "module.osaka.data.aws_caller_identity.current"
          ]
        }
      ]
    },
    {
      "module": "module.osaka",
      "mode": "managed",
      "type": "aws_security_group",
      "name": "alb",
      "provider": "provider[\"registry.terraform.io/hashicorp/aws\"].osaka",
      "instances": [
        {
          "schema_version": 1,
          "attributes": {
            "arn": "arn:aws:ec2:ap-northeast-3:931846072481:security-group/sg-09498f1235c23e620",
            "description": "Managed by Terraform",
            "egress": [
              {
                "cidr_blocks": [
                  "0.0.0.0/0"
                ],
                "description": "",
                "from_port": 0,
                "ipv6_cidr_blocks": [],
                "prefix_list_ids": [],
                "protocol": "-1",
                "security_groups": [],
                "self": false,
                "to_port": 0
              }
            ],
            "id": "sg-09498f1235c23e620",
            "ingress": [
              {
                "cidr_blocks": [
                  "0.0.0.0/0"
                ],
                "description": "",
                "from_port": 443,
                "ipv6_cidr_blocks": [],
                "prefix_list_ids": [],
                "protocol": "tcp",
                "security_groups": [],
                "self": false,
                "to_port": 443
              },
              {
                "cidr_blocks": [
                  "0.0.0.0/0"
                ],
                "description": "",
                "from_port": 80,
                "ipv6_cidr_blocks": [],
                "prefix_list_ids": [],
                "protocol": "tcp",
                "security_groups": [],
                "self": false,
                "to_port": 80
              }
            ],
            "name": "portfolio-osaka-alb-sg",
            "name_prefix": "",
            "owner_id": "931846072481",
            "revoke_rules_on_delete": false,
            "tags": {
              "Name": "portfolio-osaka-alb-sg"
            },
            "tags_all": {
              "Name": "portfolio-osaka-alb-sg"
            },
            "timeouts": null,
            "vpc_id": "vpc-002b5e616a65b9a3f"
          },
          "sensitive_attributes": [],
          "identity_schema_version": 0,
          "private": "eyJlMmJmYjczMC1lY2FhLTExZTYtOGY4OC0zNDM2M2JjN2M0YzAiOnsiY3JlYXRlIjo2MDAwMDAwMDAwMDAsImRlbGV0ZSI6OTAwMDAwMDAwMDAwfSwic2NoZW1hX3ZlcnNpb24iOiIxIn0=",
          "dependencies": [
            "module.osaka.aws_vpc.main"
          ]
        }
      ]
    },
    {
      "module": "module.osaka",
      "mode": "managed",
      "type": "aws_security_group",
      "name": "vpce",
      "provider": "provider[\"registry.terraform.io/hashicorp/aws\"].osaka",
      "instances": [
        {
          "schema_version": 1,
          "attributes": {
            "arn": "arn:aws:ec2:ap-northeast-3:931846072481:security-group/sg-0bda77848af9bf8e9",
            "description": "Managed by Terraform",
            "egress": [],
            "id": "sg-0bda77848af9bf8e9",
            "ingress": [
              {
                "cidr_blocks": [
                  "10.1.0.0/16"
                ],
                "description": "",
                "from_port": 443,
                "ipv6_cidr_blocks": [],
                "prefix_list_ids": [],
                "protocol": "tcp",
                "security_groups": [],
                "self": false,
                "to_port": 443
              }
            ],
            "name": "portfolio-osaka-vpce-sg",
            "name_prefix": "",
            "owner_id": "931846072481",
            "revoke_rules_on_delete": false,
            "tags": {},
            "tags_all": {},
            "timeouts": null,
            "vpc_id": "vpc-002b5e616a65b9a3f"
          },
          "sensitive_attributes": [],
          "identity_schema_version": 0,
          "private": "eyJlMmJmYjczMC1lY2FhLTExZTYtOGY4OC0zNDM2M2JjN2M0YzAiOnsiY3JlYXRlIjo2MDAwMDAwMDAwMDAsImRlbGV0ZSI6OTAwMDAwMDAwMDAwfSwic2NoZW1hX3ZlcnNpb24iOiIxIn0=",
          "dependencies": [
            "module.osaka.aws_vpc.main"
          ]
        }
      ]
    },
    {
      "module": "module.osaka",
      "mode": "managed",
      "type": "aws_security_group",
      "name": "web",
      "provider": "provider[\"registry.terraform.io/hashicorp/aws\"].osaka",
      "instances": [
        {
          "schema_version": 1,
          "attributes": {
            "arn": "arn:aws:ec2:ap-northeast-3:931846072481:security-group/sg-0f8e08a05d18711e0",
            "description": "Managed by Terraform",
            "egress": [
              {
                "cidr_blocks": [
                  "0.0.0.0/0"
                ],
                "description": "",
                "from_port": 0,
                "ipv6_cidr_blocks": [],
                "prefix_list_ids": [],
                "protocol": "-1",
                "security_groups": [],
                "self": false,
                "to_port": 0
              }
            ],
            "id": "sg-0f8e08a05d18711e0",
            "ingress": [
              {
                "cidr_blocks": [],
                "description": "",
                "from_port": 8080,
                "ipv6_cidr_blocks": [],
                "prefix_list_ids": [],
                "protocol": "tcp",
                "security_groups": [
                  "sg-09498f1235c23e620"
                ],
                "self": false,
                "to_port": 8080
              }
            ],
            "name": "portfolio-osaka-web-sg",
            "name_prefix": "",
            "owner_id": "931846072481",
            "revoke_rules_on_delete": false,
            "tags": {
              "Name": "portfolio-osaka-web-sg"
            },
            "tags_all": {
              "Name": "portfolio-osaka-web-sg"
            },
            "timeouts": null,
            "vpc_id": "vpc-002b5e616a65b9a3f"
          },
          "sensitive_attributes": [],
          "identity_schema_version": 0,
          "private": "eyJlMmJmYjczMC1lY2FhLTExZTYtOGY4OC0zNDM2M2JjN2M0YzAiOnsiY3JlYXRlIjo2MDAwMDAwMDAwMDAsImRlbGV0ZSI6OTAwMDAwMDAwMDAwfSwic2NoZW1hX3ZlcnNpb24iOiIxIn0=",
          "dependencies": [
            "module.osaka.aws_security_group.alb",
            "module.osaka.aws_vpc.main"
          ]
        }
      ]
    },
    {
      "module": "module.osaka",
      "mode": "managed",
      "type": "aws_subnet",
      "name": "private_a",
      "provider": "provider[\"registry.terraform.io/hashicorp/aws\"].osaka",
      "instances": [
        {
          "schema_version": 1,
          "attributes": {
            "arn": "arn:aws:ec2:ap-northeast-3:931846072481:subnet/subnet-002bdebae4d18d648",
            "assign_ipv6_address_on_creation": false,
            "availability_zone": "ap-northeast-3a",
            "availability_zone_id": "apne3-az3",
            "cidr_block": "10.1.3.0/24",
            "customer_owned_ipv4_pool": "",
            "enable_dns64": false,
            "enable_lni_at_device_index": 0,
            "enable_resource_name_dns_a_record_on_launch": false,
            "enable_resource_name_dns_aaaa_record_on_launch": false,
            "id": "subnet-002bdebae4d18d648",
            "ipv6_cidr_block": "",
            "ipv6_cidr_block_association_id": "",
            "ipv6_native": false,
            "map_customer_owned_ip_on_launch": false,
            "map_public_ip_on_launch": false,
            "outpost_arn": "",
            "owner_id": "931846072481",
            "private_dns_hostname_type_on_launch": "ip-name",
            "tags": {
              "Name": "portfolio-osaka-private-a"
            },
            "tags_all": {
              "Name": "portfolio-osaka-private-a"
            },
            "timeouts": null,
            "vpc_id": "vpc-002b5e616a65b9a3f"
          },
          "sensitive_attributes": [],
          "identity_schema_version": 0,
          "private": "eyJlMmJmYjczMC1lY2FhLTExZTYtOGY4OC0zNDM2M2JjN2M0YzAiOnsiY3JlYXRlIjo2MDAwMDAwMDAwMDAsImRlbGV0ZSI6MTIwMDAwMDAwMDAwMH0sInNjaGVtYV92ZXJzaW9uIjoiMSJ9",
          "dependencies": [
            "module.osaka.aws_vpc.main"
          ]
        }
      ]
    },
    {
      "module": "module.osaka",
      "mode": "managed",
      "type": "aws_subnet",
      "name": "private_c",
      "provider": "provider[\"registry.terraform.io/hashicorp/aws\"].osaka",
      "instances": [
        {
          "schema_version": 1,
          "attributes": {
            "arn": "arn:aws:ec2:ap-northeast-3:931846072481:subnet/subnet-08632cdade73f9645",
            "assign_ipv6_address_on_creation": false,
            "availability_zone": "ap-northeast-3c",
            "availability_zone_id": "apne3-az2",
            "cidr_block": "10.1.4.0/24",
            "customer_owned_ipv4_pool": "",
            "enable_dns64": false,
            "enable_lni_at_device_index": 0,
            "enable_resource_name_dns_a_record_on_launch": false,
            "enable_resource_name_dns_aaaa_record_on_launch": false,
            "id": "subnet-08632cdade73f9645",
            "ipv6_cidr_block": "",
            "ipv6_cidr_block_association_id": "",
            "ipv6_native": false,
            "map_customer_owned_ip_on_launch": false,
            "map_public_ip_on_launch": false,
            "outpost_arn": "",
            "owner_id": "931846072481",
            "private_dns_hostname_type_on_launch": "ip-name",
            "tags": {
              "Name": "portfolio-osaka-private-c"
            },
            "tags_all": {
              "Name": "portfolio-osaka-private-c"
            },
            "timeouts": null,
            "vpc_id": "vpc-002b5e616a65b9a3f"
          },
          "sensitive_attributes": [],
          "identity_schema_version": 0,
          "private": "eyJlMmJmYjczMC1lY2FhLTExZTYtOGY4OC0zNDM2M2JjN2M0YzAiOnsiY3JlYXRlIjo2MDAwMDAwMDAwMDAsImRlbGV0ZSI6MTIwMDAwMDAwMDAwMH0sInNjaGVtYV92ZXJzaW9uIjoiMSJ9",
          "dependencies": [
            "module.osaka.aws_vpc.main"
          ]
        }
      ]
    },
    {
      "module": "module.osaka",
      "mode": "managed",
      "type": "aws_subnet",
      "name": "public_a",
      "provider": "provider[\"registry.terraform.io/hashicorp/aws\"].osaka",
      "instances": [
        {
          "schema_version": 1,
          "attributes": {
            "arn": "arn:aws:ec2:ap-northeast-3:931846072481:subnet/subnet-03897b7218a2945d1",
            "assign_ipv6_address_on_creation": false,
            "availability_zone": "ap-northeast-3a",
            "availability_zone_id": "apne3-az3",
            "cidr_block": "10.1.1.0/24",
            "customer_owned_ipv4_pool": "",
            "enable_dns64": false,
            "enable_lni_at_device_index": 0,
            "enable_resource_name_dns_a_record_on_launch": false,
            "enable_resource_name_dns_aaaa_record_on_launch": false,
            "id": "subnet-03897b7218a2945d1",
            "ipv6_cidr_block": "",
            "ipv6_cidr_block_association_id": "",
            "ipv6_native": false,
            "map_customer_owned_ip_on_launch": false,
            "map_public_ip_on_launch": false,
            "outpost_arn": "",
            "owner_id": "931846072481",
            "private_dns_hostname_type_on_launch": "ip-name",
            "tags": {
              "Name": "portfolio-osaka-public-a"
            },
            "tags_all": {
              "Name": "portfolio-osaka-public-a"
            },
            "timeouts": null,
            "vpc_id": "vpc-002b5e616a65b9a3f"
          },
          "sensitive_attributes": [],
          "identity_schema_version": 0,
          "private": "eyJlMmJmYjczMC1lY2FhLTExZTYtOGY4OC0zNDM2M2JjN2M0YzAiOnsiY3JlYXRlIjo2MDAwMDAwMDAwMDAsImRlbGV0ZSI6MTIwMDAwMDAwMDAwMH0sInNjaGVtYV92ZXJzaW9uIjoiMSJ9",
          "dependencies": [
            "module.osaka.aws_vpc.main"
          ]
        }
      ]
    },
    {
      "module": "module.osaka",
      "mode": "managed",
      "type": "aws_subnet",
      "name": "public_c",
      "provider": "provider[\"registry.terraform.io/hashicorp/aws\"].osaka",
      "instances": [
        {
          "schema_version": 1,
          "attributes": {
            "arn": "arn:aws:ec2:ap-northeast-3:931846072481:subnet/subnet-0c04df569093f2be9",
            "assign_ipv6_address_on_creation": false,
            "availability_zone": "ap-northeast-3c",
            "availability_zone_id": "apne3-az2",
            "cidr_block": "10.1.2.0/24",
            "customer_owned_ipv4_pool": "",
            "enable_dns64": false,
            "enable_lni_at_device_index": 0,
            "enable_resource_name_dns_a_record_on_launch": false,
            "enable_resource_name_dns_aaaa_record_on_launch": false,
            "id": "subnet-0c04df569093f2be9",
            "ipv6_cidr_block": "",
            "ipv6_cidr_block_association_id": "",
            "ipv6_native": false,
            "map_customer_owned_ip_on_launch": false,
            "map_public_ip_on_launch": false,
            "outpost_arn": "",
            "owner_id": "931846072481",
            "private_dns_hostname_type_on_launch": "ip-name",
            "tags": {
              "Name": "portfolio-osaka-public-c"
            },
            "tags_all": {
              "Name": "portfolio-osaka-public-c"
            },
            "timeouts": null,
            "vpc_id": "vpc-002b5e616a65b9a3f"
          },
          "sensitive_attributes": [],
          "identity_schema_version": 0,
          "private": "eyJlMmJmYjczMC1lY2FhLTExZTYtOGY4OC0zNDM2M2JjN2M0YzAiOnsiY3JlYXRlIjo2MDAwMDAwMDAwMDAsImRlbGV0ZSI6MTIwMDAwMDAwMDAwMH0sInNjaGVtYV92ZXJzaW9uIjoiMSJ9",
          "dependencies": [
            "module.osaka.aws_vpc.main"
          ]
        }
      ]
    },
    {
      "module": "module.osaka",
      "mode": "managed",
      "type": "aws_vpc",
      "name": "main",
      "provider": "provider[\"registry.terraform.io/hashicorp/aws\"].osaka",
      "instances": [
        {
          "schema_version": 1,
          "attributes": {
            "arn": "arn:aws:ec2:ap-northeast-3:931846072481:vpc/vpc-002b5e616a65b9a3f",
            "assign_generated_ipv6_cidr_block": false,
            "cidr_block": "10.1.0.0/16",
            "default_network_acl_id": "acl-0d096b6df31acb2d1",
            "default_route_table_id": "rtb-042fee93086257ec7",
            "default_security_group_id": "sg-00ad6bf7eb1f4e8b6",
            "dhcp_options_id": "dopt-0d4d0e3d06fae8137",
            "enable_dns_hostnames": true,
            "enable_dns_support": true,
            "enable_network_address_usage_metrics": false,
            "id": "vpc-002b5e616a65b9a3f",
            "instance_tenancy": "default",
            "ipv4_ipam_pool_id": null,
            "ipv4_netmask_length": null,
            "ipv6_association_id": "",
            "ipv6_cidr_block": "",
            "ipv6_cidr_block_network_border_group": "",
            "ipv6_ipam_pool_id": "",
            "ipv6_netmask_length": 0,
            "main_route_table_id": "rtb-042fee93086257ec7",
            "owner_id": "931846072481",
            "tags": {
              "Name": "portfolio-osaka-vpc"
            },
            "tags_all": {
              "Name": "portfolio-osaka-vpc"
            }
          },
          "sensitive_attributes": [],
          "identity_schema_version": 0,
          "private": "eyJzY2hlbWFfdmVyc2lvbiI6IjEifQ==",
          "create_before_destroy": true
        }
      ]
    },
    {
      "module": "module.osaka",
      "mode": "managed",
      "type": "aws_vpc_endpoint",
      "name": "dynamodb",
      "provider": "provider[\"registry.terraform.io/hashicorp/aws\"].osaka",
      "instances": [
        {
          "schema_version": 0,
          "attributes": {
            "arn": "arn:aws:ec2:ap-northeast-3:931846072481:vpc-endpoint/vpce-0dc2f2be62c82d725",
            "auto_accept": null,
            "cidr_blocks": [
              "52.94.19.0/24",
              "35.71.110.0/25",
              "35.71.110.128/26"
            ],
            "dns_entry": [],
            "dns_options": [
              {
                "dns_record_ip_type": "service-defined",
                "private_dns_only_for_inbound_resolver_endpoint": false
              }
            ],
            "id": "vpce-0dc2f2be62c82d725",
            "ip_address_type": "ipv4",
            "network_interface_ids": [],
            "owner_id": "931846072481",
            "policy": "{\"Statement\":[{\"Action\":\"*\",\"Effect\":\"Allow\",\"Principal\":\"*\",\"Resource\":\"*\"}],\"Version\":\"2008-10-17\"}",
            "prefix_list_id": "pl-47a6432e",
            "private_dns_enabled": false,
            "requester_managed": false,
            "resource_configuration_arn": "",
            "route_table_ids": [
              "rtb-0cf2ab3b039b768c5"
            ],
            "security_group_ids": [],
            "service_name": "com.amazonaws.ap-northeast-3.dynamodb",
            "service_network_arn": "",
            "service_region": "ap-northeast-3",
            "state": "available",
            "subnet_configuration": [],
            "subnet_ids": [],
            "tags": {
              "Name": "portfolio-vpce-osaka-dynamodb"
            },
            "tags_all": {
              "Name": "portfolio-vpce-osaka-dynamodb"
            },
            "timeouts": null,
            "vpc_endpoint_type": "Gateway",
            "vpc_id": "vpc-002b5e616a65b9a3f"
          },
          "sensitive_attributes": [],
          "identity_schema_version": 0,
          "private": "eyJlMmJmYjczMC1lY2FhLTExZTYtOGY4OC0zNDM2M2JjN2M0YzAiOnsiY3JlYXRlIjo2MDAwMDAwMDAwMDAsImRlbGV0ZSI6NjAwMDAwMDAwMDAwLCJ1cGRhdGUiOjYwMDAwMDAwMDAwMH19",
          "dependencies": [
            "module.osaka.aws_route_table.private",
            "module.osaka.aws_vpc.main"
          ]
        }
      ]
    },
    {
      "module": "module.osaka",
      "mode": "managed",
      "type": "aws_vpc_endpoint",
      "name": "ec2messages",
      "provider": "provider[\"registry.terraform.io/hashicorp/aws\"].osaka",
      "instances": [
        {
          "schema_version": 0,
          "attributes": {
            "arn": "arn:aws:ec2:ap-northeast-3:931846072481:vpc-endpoint/vpce-05a1a4ed492df5606",
            "auto_accept": null,
            "cidr_blocks": [],
            "dns_entry": [
              {
                "dns_name": "vpce-05a1a4ed492df5606-ihxrkv68.ec2messages.ap-northeast-3.vpce.amazonaws.com",
                "hosted_zone_id": "Z376B5OMM2JZL2"
              },
              {
                "dns_name": "vpce-05a1a4ed492df5606-ihxrkv68-ap-northeast-3a.ec2messages.ap-northeast-3.vpce.amazonaws.com",
                "hosted_zone_id": "Z376B5OMM2JZL2"
              },
              {
                "dns_name": "vpce-05a1a4ed492df5606-ihxrkv68-ap-northeast-3c.ec2messages.ap-northeast-3.vpce.amazonaws.com",
                "hosted_zone_id": "Z376B5OMM2JZL2"
              },
              {
                "dns_name": "ec2messages.ap-northeast-3.amazonaws.com",
                "hosted_zone_id": "Z06322023UCRAL9MGGNSH"
              }
            ],
            "dns_options": [
              {
                "dns_record_ip_type": "ipv4",
                "private_dns_only_for_inbound_resolver_endpoint": false
              }
            ],
            "id": "vpce-05a1a4ed492df5606",
            "ip_address_type": "ipv4",
            "network_interface_ids": [
              "eni-01648704b75897bd2",
              "eni-05661c326199b00a1"
            ],
            "owner_id": "931846072481",
            "policy": "{\"Statement\":[{\"Action\":\"*\",\"Effect\":\"Allow\",\"Principal\":\"*\",\"Resource\":\"*\"}]}",
            "prefix_list_id": null,
            "private_dns_enabled": true,
            "requester_managed": false,
            "resource_configuration_arn": "",
            "route_table_ids": [],
            "security_group_ids": [
              "sg-0bda77848af9bf8e9"
            ],
            "service_name": "com.amazonaws.ap-northeast-3.ec2messages",
            "service_network_arn": "",
            "service_region": "ap-northeast-3",
            "state": "available",
            "subnet_configuration": [
              {
                "ipv4": "10.1.3.122",
                "ipv6": "",
                "subnet_id": "subnet-002bdebae4d18d648"
              },
              {
                "ipv4": "10.1.4.197",
                "ipv6": "",
                "subnet_id": "subnet-08632cdade73f9645"
              }
            ],
            "subnet_ids": [
              "subnet-002bdebae4d18d648",
              "subnet-08632cdade73f9645"
            ],
            "tags": {
              "Name": "portfolio-vpce-osaka-ec2messages"
            },
            "tags_all": {
              "Name": "portfolio-vpce-osaka-ec2messages"
            },
            "timeouts": null,
            "vpc_endpoint_type": "Interface",
            "vpc_id": "vpc-002b5e616a65b9a3f"
          },
          "sensitive_attributes": [],
          "identity_schema_version": 0,
          "private": "eyJlMmJmYjczMC1lY2FhLTExZTYtOGY4OC0zNDM2M2JjN2M0YzAiOnsiY3JlYXRlIjo2MDAwMDAwMDAwMDAsImRlbGV0ZSI6NjAwMDAwMDAwMDAwLCJ1cGRhdGUiOjYwMDAwMDAwMDAwMH19",
          "dependencies": [
            "module.osaka.aws_security_group.vpce",
            "module.osaka.aws_subnet.private_a",
            "module.osaka.aws_subnet.private_c",
            "module.osaka.aws_vpc.main"
          ]
        }
      ]
    },
    {
      "module": "module.osaka",
      "mode": "managed",
      "type": "aws_vpc_endpoint",
      "name": "s3",
      "provider": "provider[\"registry.terraform.io/hashicorp/aws\"].osaka",
      "instances": [
        {
          "schema_version": 0,
          "attributes": {
            "arn": "arn:aws:ec2:ap-northeast-3:931846072481:vpc-endpoint/vpce-042df51917efdca8e",
            "auto_accept": null,
            "cidr_blocks": [
              "3.5.240.0/22",
              "52.95.182.0/23",
              "52.95.181.0/24"
            ],
            "dns_entry": [],
            "dns_options": [
              {
                "dns_record_ip_type": "service-defined",
                "private_dns_only_for_inbound_resolver_endpoint": false
              }
            ],
            "id": "vpce-042df51917efdca8e",
            "ip_address_type": "ipv4",
            "network_interface_ids": [],
            "owner_id": "931846072481",
            "policy": "{\"Statement\":[{\"Action\":\"*\",\"Effect\":\"Allow\",\"Principal\":\"*\",\"Resource\":\"*\"}],\"Version\":\"2008-10-17\"}",
            "prefix_list_id": "pl-a4a540cd",
            "private_dns_enabled": false,
            "requester_managed": false,
            "resource_configuration_arn": "",
            "route_table_ids": [
              "rtb-0cf2ab3b039b768c5"
            ],
            "security_group_ids": [],
            "service_name": "com.amazonaws.ap-northeast-3.s3",
            "service_network_arn": "",
            "service_region": "ap-northeast-3",
            "state": "available",
            "subnet_configuration": [],
            "subnet_ids": [],
            "tags": {
              "Name": "portfolio-vpce-osaka-s3"
            },
            "tags_all": {
              "Name": "portfolio-vpce-osaka-s3"
            },
            "timeouts": null,
            "vpc_endpoint_type": "Gateway",
            "vpc_id": "vpc-002b5e616a65b9a3f"
          },
          "sensitive_attributes": [],
          "identity_schema_version": 0,
          "private": "eyJlMmJmYjczMC1lY2FhLTExZTYtOGY4OC0zNDM2M2JjN2M0YzAiOnsiY3JlYXRlIjo2MDAwMDAwMDAwMDAsImRlbGV0ZSI6NjAwMDAwMDAwMDAwLCJ1cGRhdGUiOjYwMDAwMDAwMDAwMH19",
          "dependencies": [
            "module.osaka.aws_route_table.private",
            "module.osaka.aws_vpc.main"
          ]
        }
      ]
    },
    {
      "module": "module.osaka",
      "mode": "managed",
      "type": "aws_vpc_endpoint",
      "name": "ssm",
      "provider": "provider[\"registry.terraform.io/hashicorp/aws\"].osaka",
      "instances": [
        {
          "schema_version": 0,
          "attributes": {
            "arn": "arn:aws:ec2:ap-northeast-3:931846072481:vpc-endpoint/vpce-0131f740404957dc3",
            "auto_accept": null,
            "cidr_blocks": [],
            "dns_entry": [
              {
                "dns_name": "vpce-0131f740404957dc3-ixmcacop.ssm.ap-northeast-3.vpce.amazonaws.com",
                "hosted_zone_id": "Z376B5OMM2JZL2"
              },
              {
                "dns_name": "vpce-0131f740404957dc3-ixmcacop-ap-northeast-3a.ssm.ap-northeast-3.vpce.amazonaws.com",
                "hosted_zone_id": "Z376B5OMM2JZL2"
              },
              {
                "dns_name": "vpce-0131f740404957dc3-ixmcacop-ap-northeast-3c.ssm.ap-northeast-3.vpce.amazonaws.com",
                "hosted_zone_id": "Z376B5OMM2JZL2"
              },
              {
                "dns_name": "ssm.ap-northeast-3.amazonaws.com",
                "hosted_zone_id": "Z01634711ZQE3CQWQP54Y"
              },
              {
                "dns_name": "ssm.ap-northeast-3.api.aws",
                "hosted_zone_id": "Z016346619VBQT8IFHKTP"
              }
            ],
            "dns_options": [
              {
                "dns_record_ip_type": "ipv4",
                "private_dns_only_for_inbound_resolver_endpoint": false
              }
            ],
            "id": "vpce-0131f740404957dc3",
            "ip_address_type": "ipv4",
            "network_interface_ids": [
              "eni-0bd03684578871022",
              "eni-0f2f4fe434fbf90c7"
            ],
            "owner_id": "931846072481",
            "policy": "{\"Statement\":[{\"Action\":\"*\",\"Effect\":\"Allow\",\"Principal\":\"*\",\"Resource\":\"*\"}]}",
            "prefix_list_id": null,
            "private_dns_enabled": true,
            "requester_managed": false,
            "resource_configuration_arn": "",
            "route_table_ids": [],
            "security_group_ids": [
              "sg-0bda77848af9bf8e9"
            ],
            "service_name": "com.amazonaws.ap-northeast-3.ssm",
            "service_network_arn": "",
            "service_region": "ap-northeast-3",
            "state": "available",
            "subnet_configuration": [
              {
                "ipv4": "10.1.3.55",
                "ipv6": "",
                "subnet_id": "subnet-002bdebae4d18d648"
              },
              {
                "ipv4": "10.1.4.37",
                "ipv6": "",
                "subnet_id": "subnet-08632cdade73f9645"
              }
            ],
            "subnet_ids": [
              "subnet-002bdebae4d18d648",
              "subnet-08632cdade73f9645"
            ],
            "tags": {
              "Name": "portfolio-vpce-osaka-ssm"
            },
            "tags_all": {
              "Name": "portfolio-vpce-osaka-ssm"
            },
            "timeouts": null,
            "vpc_endpoint_type": "Interface",
            "vpc_id": "vpc-002b5e616a65b9a3f"
          },
          "sensitive_attributes": [],
          "identity_schema_version": 0,
          "private": "eyJlMmJmYjczMC1lY2FhLTExZTYtOGY4OC0zNDM2M2JjN2M0YzAiOnsiY3JlYXRlIjo2MDAwMDAwMDAwMDAsImRlbGV0ZSI6NjAwMDAwMDAwMDAwLCJ1cGRhdGUiOjYwMDAwMDAwMDAwMH19",
          "dependencies": [
            "module.osaka.aws_security_group.vpce",
            "module.osaka.aws_subnet.private_a",
            "module.osaka.aws_subnet.private_c",
            "module.osaka.aws_vpc.main"
          ]
        }
      ]
    },
    {
      "module": "module.osaka",
      "mode": "managed",
      "type": "aws_vpc_endpoint",
      "name": "ssmmessages",
      "provider": "provider[\"registry.terraform.io/hashicorp/aws\"].osaka",
      "instances": [
        {
          "schema_version": 0,
          "attributes": {
            "arn": "arn:aws:ec2:ap-northeast-3:931846072481:vpc-endpoint/vpce-01b402656bc211465",
            "auto_accept": null,
            "cidr_blocks": [],
            "dns_entry": [
              {
                "dns_name": "vpce-01b402656bc211465-aopl8kfo.ssmmessages.ap-northeast-3.vpce.amazonaws.com",
                "hosted_zone_id": "Z376B5OMM2JZL2"
              },
              {
                "dns_name": "vpce-01b402656bc211465-aopl8kfo-ap-northeast-3c.ssmmessages.ap-northeast-3.vpce.amazonaws.com",
                "hosted_zone_id": "Z376B5OMM2JZL2"
              },
              {
                "dns_name": "vpce-01b402656bc211465-aopl8kfo-ap-northeast-3a.ssmmessages.ap-northeast-3.vpce.amazonaws.com",
                "hosted_zone_id": "Z376B5OMM2JZL2"
              },
              {
                "dns_name": "ssmmessages.ap-northeast-3.amazonaws.com",
                "hosted_zone_id": "Z06312883J40RQKLQQA5A"
              },
              {
                "dns_name": "ssmmessages.ap-northeast-3.api.aws",
                "hosted_zone_id": "Z0638746U8LZ9QFBOLTZ"
              }
            ],
            "dns_options": [
              {
                "dns_record_ip_type": "ipv4",
                "private_dns_only_for_inbound_resolver_endpoint": false
              }
            ],
            "id": "vpce-01b402656bc211465",
            "ip_address_type": "ipv4",
            "network_interface_ids": [
              "eni-0178214e3070e1e0e",
              "eni-050330e41bc777a53"
            ],
            "owner_id": "931846072481",
            "policy": "{\"Statement\":[{\"Action\":\"*\",\"Effect\":\"Allow\",\"Principal\":\"*\",\"Resource\":\"*\"}]}",
            "prefix_list_id": null,
            "private_dns_enabled": true,
            "requester_managed": false,
            "resource_configuration_arn": "",
            "route_table_ids": [],
            "security_group_ids": [
              "sg-0bda77848af9bf8e9"
            ],
            "service_name": "com.amazonaws.ap-northeast-3.ssmmessages",
            "service_network_arn": "",
            "service_region": "ap-northeast-3",
            "state": "available",
            "subnet_configuration": [
              {
                "ipv4": "10.1.3.138",
                "ipv6": "",
                "subnet_id": "subnet-002bdebae4d18d648"
              },
              {
                "ipv4": "10.1.4.101",
                "ipv6": "",
                "subnet_id": "subnet-08632cdade73f9645"
              }
            ],
            "subnet_ids": [
              "subnet-002bdebae4d18d648",
              "subnet-08632cdade73f9645"
            ],
            "tags": {
              "Name": "portfolio-vpce-osaka-ssmmessages"
            },
            "tags_all": {
              "Name": "portfolio-vpce-osaka-ssmmessages"
            },
            "timeouts": null,
            "vpc_endpoint_type": "Interface",
            "vpc_id": "vpc-002b5e616a65b9a3f"
          },
          "sensitive_attributes": [],
          "identity_schema_version": 0,
          "private": "eyJlMmJmYjczMC1lY2FhLTExZTYtOGY4OC0zNDM2M2JjN2M0YzAiOnsiY3JlYXRlIjo2MDAwMDAwMDAwMDAsImRlbGV0ZSI6NjAwMDAwMDAwMDAwLCJ1cGRhdGUiOjYwMDAwMDAwMDAwMH19",
          "dependencies": [
            "module.osaka.aws_security_group.vpce",
            "module.osaka.aws_subnet.private_a",
            "module.osaka.aws_subnet.private_c",
            "module.osaka.aws_vpc.main"
          ]
        }
      ]
    },
    {
      "module": "module.tokyo",
      "mode": "data",
      "type": "aws_caller_identity",
      "name": "current",
      "provider": "provider[\"registry.terraform.io/hashicorp/aws\"]",
      "instances": [
        {
          "schema_version": 0,
          "attributes": {
            "account_id": "931846072481",
            "arn": "arn:aws:iam::931846072481:user/operator",
            "id": "931846072481",
            "user_id": "AIDA5R5S2VCQYXJAGCRZ4"
          },
          "sensitive_attributes": [],
          "identity_schema_version": 0
        }
      ]
    },
    {
      "module": "module.tokyo",
      "mode": "data",
      "type": "aws_ssm_parameter",
      "name": "ami",
      "provider": "provider[\"registry.terraform.io/hashicorp/aws\"]",
      "instances": [
        {
          "schema_version": 0,
          "attributes": {
            "arn": "arn:aws:ssm:ap-northeast-1::parameter/aws/service/ami-amazon-linux-latest/al2023-ami-kernel-6.1-x86_64",
            "id": "/aws/service/ami-amazon-linux-latest/al2023-ami-kernel-6.1-x86_64",
            "insecure_value": "ami-007ea17fb9422e93f",
            "name": "/aws/service/ami-amazon-linux-latest/al2023-ami-kernel-6.1-x86_64",
            "type": "String",
            "value": "ami-007ea17fb9422e93f",
            "version": 157,
            "with_decryption": true
          },
          "sensitive_attributes": [
            [
              {
                "type": "get_attr",
                "value": "value"
              }
            ]
          ],
          "identity_schema_version": 0
        }
      ]
    },
    {
      "module": "module.tokyo",
      "mode": "managed",
      "type": "aws_acm_certificate",
      "name": "main",
      "provider": "provider[\"registry.terraform.io/hashicorp/aws\"]",
      "instances": [
        {
          "schema_version": 0,
          "attributes": {
            "arn": "arn:aws:acm:ap-northeast-1:931846072481:certificate/ff68a221-8ab8-4515-bba5-a8fe12ebe958",
            "certificate_authority_arn": "",
            "certificate_body": null,
            "certificate_chain": null,
            "domain_name": "portfolio.vexations.org",
            "domain_validation_options": [
              {
                "domain_name": "portfolio.vexations.org",
                "resource_record_name": "_e2d449a81a0b04a74c9f8701e6ec64ad.portfolio.vexations.org.",
                "resource_record_type": "CNAME",
                "resource_record_value": "_aadb6f1807b0dee0f5fa8764708706be.jkddzztszm.acm-validations.aws."
              }
            ],
            "early_renewal_duration": "",
            "id": "arn:aws:acm:ap-northeast-1:931846072481:certificate/ff68a221-8ab8-4515-bba5-a8fe12ebe958",
            "key_algorithm": "RSA_2048",
            "not_after": "2026-10-22T23:59:59Z",
            "not_before": "2026-04-08T00:00:00Z",
            "options": [
              {
                "certificate_transparency_logging_preference": "ENABLED"
              }
            ],
            "pending_renewal": false,
            "private_key": null,
            "renewal_eligibility": "ELIGIBLE",
            "renewal_summary": [],
            "status": "ISSUED",
            "subject_alternative_names": [
              "portfolio.vexations.org"
            ],
            "tags": {
              "Name": "portfolio-tokyo-cert"
            },
            "tags_all": {
              "Name": "portfolio-tokyo-cert"
            },
            "type": "AMAZON_ISSUED",
            "validation_emails": [],
            "validation_method": "DNS",
            "validation_option": []
          },
          "sensitive_attributes": [
            [
              {
                "type": "get_attr",
                "value": "private_key"
              }
            ]
          ],
          "identity_schema_version": 0,
          "private": "bnVsbA==",
          "create_before_destroy": true
        }
      ]
    },
    {
      "module": "module.tokyo",
      "mode": "managed",
      "type": "aws_acm_certificate_validation",
      "name": "main",
      "provider": "provider[\"registry.terraform.io/hashicorp/aws\"]",
      "instances": [
        {
          "schema_version": 0,
          "attributes": {
            "certificate_arn": "arn:aws:acm:ap-northeast-1:931846072481:certificate/ff68a221-8ab8-4515-bba5-a8fe12ebe958",
            "id": "2026-04-08 04:31:37.109 +0000 UTC",
            "timeouts": null,
            "validation_record_fqdns": [
              "_e2d449a81a0b04a74c9f8701e6ec64ad.portfolio.vexations.org"
            ]
          },
          "sensitive_attributes": [],
          "identity_schema_version": 0,
          "private": "eyJlMmJmYjczMC1lY2FhLTExZTYtOGY4OC0zNDM2M2JjN2M0YzAiOnsiY3JlYXRlIjo0NTAwMDAwMDAwMDAwfX0=",
          "dependencies": [
            "aws_route53_zone.portfolio_sub",
            "module.tokyo.aws_acm_certificate.main",
            "module.tokyo.aws_route53_record.cert_validation"
          ]
        }
      ]
    },
    {
      "module": "module.tokyo",
      "mode": "managed",
      "type": "aws_autoscaling_group",
      "name": "web",
      "provider": "provider[\"registry.terraform.io/hashicorp/aws\"]",
      "instances": [
        {
          "schema_version": 1,
          "attributes": {
            "arn": "arn:aws:autoscaling:ap-northeast-1:931846072481:autoScalingGroup:5246918e-7e7b-4736-ae24-1025fdae124d:autoScalingGroupName/portfolio-tokyo-asg",
            "availability_zone_distribution": [
              {
                "capacity_distribution_strategy": "balanced-best-effort"
              }
            ],
            "availability_zones": [
              "ap-northeast-1a",
              "ap-northeast-1c"
            ],
            "capacity_rebalance": false,
            "capacity_reservation_specification": [
              {
                "capacity_reservation_preference": "default",
                "capacity_reservation_target": []
              }
            ],
            "context": "",
            "default_cooldown": 300,
            "default_instance_warmup": 0,
            "desired_capacity": 1,
            "desired_capacity_type": "",
            "enabled_metrics": [],
            "force_delete": false,
            "force_delete_warm_pool": false,
            "health_check_grace_period": 300,
            "health_check_type": "ELB",
            "id": "portfolio-tokyo-asg",
            "ignore_failed_scaling_activities": false,
            "initial_lifecycle_hook": [],
            "instance_maintenance_policy": [],
            "instance_refresh": [],
            "launch_configuration": "",
            "launch_template": [
              {
                "id": "lt-095d204d53933c7a4",
                "name": "portfolio-tokyo-web-20260408043115753600000008",
                "version": "$Latest"
              }
            ],
            "load_balancers": [],
            "max_instance_lifetime": 0,
            "max_size": 3,
            "metrics_granularity": "1Minute",
            "min_elb_capacity": null,
            "min_size": 1,
            "mixed_instances_policy": [],
            "name": "portfolio-tokyo-asg",
            "name_prefix": "",
            "placement_group": "",
            "predicted_capacity": 0,
            "protect_from_scale_in": false,
            "service_linked_role_arn": "arn:aws:iam::931846072481:role/aws-service-role/autoscaling.amazonaws.com/AWSServiceRoleForAutoScaling",
            "suspended_processes": [],
            "tag": [
              {
                "key": "Name",
                "propagate_at_launch": true,
                "value": "portfolio-tokyo-web"
              }
            ],
            "target_group_arns": [
              "arn:aws:elasticloadbalancing:ap-northeast-1:931846072481:targetgroup/ptftg-20260408145620559000000001/b6a6da61e762b707"
            ],
            "termination_policies": [],
            "timeouts": null,
            "traffic_source": [
              {
                "identifier": "arn:aws:elasticloadbalancing:ap-northeast-1:931846072481:targetgroup/ptftg-20260408145620559000000001/b6a6da61e762b707",
                "type": "elbv2"
              }
            ],
            "vpc_zone_identifier": [
              "subnet-03cefef611e21ae3f",
              "subnet-06f1a3205debf5934"
            ],
            "wait_for_capacity_timeout": "10m",
            "wait_for_elb_capacity": null,
            "warm_pool": [],
            "warm_pool_size": 0
          },
          "sensitive_attributes": [],
          "identity_schema_version": 0,
          "private": "eyJlMmJmYjczMC1lY2FhLTExZTYtOGY4OC0zNDM2M2JjN2M0YzAiOnsiZGVsZXRlIjo2MDAwMDAwMDAwMDAsInVwZGF0ZSI6NjAwMDAwMDAwMDAwfSwic2NoZW1hX3ZlcnNpb24iOiIxIn0=",
          "dependencies": [
            "aws_iam_instance_profile.ssm_profile",
            "aws_iam_role.ssm_role",
            "module.tokyo.aws_launch_template.web",
            "module.tokyo.aws_lb_target_group.main",
            "module.tokyo.aws_route_table.private",
            "module.tokyo.aws_s3_bucket.app",
            "module.tokyo.aws_security_group.alb",
            "module.tokyo.aws_security_group.vpce",
            "module.tokyo.aws_security_group.web",
            "module.tokyo.aws_subnet.private_a",
            "module.tokyo.aws_subnet.private_c",
            "module.tokyo.aws_vpc.main",
            "module.tokyo.aws_vpc_endpoint.ec2messages",
            "module.tokyo.aws_vpc_endpoint.s3",
            "module.tokyo.aws_vpc_endpoint.ssm",
            "module.tokyo.aws_vpc_endpoint.ssmmessages",
            "module.tokyo.data.aws_caller_identity.current",
            "module.tokyo.data.aws_ssm_parameter.ami"
          ]
        }
      ]
    },
    {
      "module": "module.tokyo",
      "mode": "managed",
      "type": "aws_autoscaling_policy",
      "name": "scale_in",
      "provider": "provider[\"registry.terraform.io/hashicorp/aws\"]",
      "instances": [
        {
          "schema_version": 0,
          "attributes": {
            "adjustment_type": "ChangeInCapacity",
            "arn": "arn:aws:autoscaling:ap-northeast-1:931846072481:scalingPolicy:4ee59dec-3730-4a37-b62a-e0e2f0c9a9ed:autoScalingGroupName/portfolio-tokyo-asg:policyName/portfolio-tokyo-scale-in",
            "autoscaling_group_name": "portfolio-tokyo-asg",
            "cooldown": 120,
            "enabled": true,
            "estimated_instance_warmup": 0,
            "id": "portfolio-tokyo-scale-in",
            "metric_aggregation_type": "",
            "min_adjustment_magnitude": 0,
            "name": "portfolio-tokyo-scale-in",
            "policy_type": "SimpleScaling",
            "predictive_scaling_configuration": [],
            "scaling_adjustment": -1,
            "step_adjustment": [],
            "target_tracking_configuration": []
          },
          "sensitive_attributes": [],
          "identity_schema_version": 0,
          "private": "bnVsbA==",
          "dependencies": [
            "aws_iam_instance_profile.ssm_profile",
            "aws_iam_role.ssm_role",
            "module.tokyo.aws_autoscaling_group.web",
            "module.tokyo.aws_launch_template.web",
            "module.tokyo.aws_lb_target_group.main",
            "module.tokyo.aws_route_table.private",
            "module.tokyo.aws_s3_bucket.app",
            "module.tokyo.aws_security_group.alb",
            "module.tokyo.aws_security_group.vpce",
            "module.tokyo.aws_security_group.web",
            "module.tokyo.aws_subnet.private_a",
            "module.tokyo.aws_subnet.private_c",
            "module.tokyo.aws_vpc.main",
            "module.tokyo.aws_vpc_endpoint.ec2messages",
            "module.tokyo.aws_vpc_endpoint.s3",
            "module.tokyo.aws_vpc_endpoint.ssm",
            "module.tokyo.aws_vpc_endpoint.ssmmessages",
            "module.tokyo.data.aws_caller_identity.current",
            "module.tokyo.data.aws_ssm_parameter.ami"
          ]
        }
      ]
    },
    {
      "module": "module.tokyo",
      "mode": "managed",
      "type": "aws_autoscaling_policy",
      "name": "scale_out",
      "provider": "provider[\"registry.terraform.io/hashicorp/aws\"]",
      "instances": [
        {
          "schema_version": 0,
          "attributes": {
            "adjustment_type": "ChangeInCapacity",
            "arn": "arn:aws:autoscaling:ap-northeast-1:931846072481:scalingPolicy:105b2257-1cce-4f85-b00b-f1558f489246:autoScalingGroupName/portfolio-tokyo-asg:policyName/portfolio-tokyo-scale-out",
            "autoscaling_group_name": "portfolio-tokyo-asg",
            "cooldown": 120,
            "enabled": true,
            "estimated_instance_warmup": 0,
            "id": "portfolio-tokyo-scale-out",
            "metric_aggregation_type": "",
            "min_adjustment_magnitude": 0,
            "name": "portfolio-tokyo-scale-out",
            "policy_type": "SimpleScaling",
            "predictive_scaling_configuration": [],
            "scaling_adjustment": 1,
            "step_adjustment": [],
            "target_tracking_configuration": []
          },
          "sensitive_attributes": [],
          "identity_schema_version": 0,
          "private": "bnVsbA==",
          "dependencies": [
            "aws_iam_instance_profile.ssm_profile",
            "aws_iam_role.ssm_role",
            "module.tokyo.aws_autoscaling_group.web",
            "module.tokyo.aws_launch_template.web",
            "module.tokyo.aws_lb_target_group.main",
            "module.tokyo.aws_route_table.private",
            "module.tokyo.aws_s3_bucket.app",
            "module.tokyo.aws_security_group.alb",
            "module.tokyo.aws_security_group.vpce",
            "module.tokyo.aws_security_group.web",
            "module.tokyo.aws_subnet.private_a",
            "module.tokyo.aws_subnet.private_c",
            "module.tokyo.aws_vpc.main",
            "module.tokyo.aws_vpc_endpoint.ec2messages",
            "module.tokyo.aws_vpc_endpoint.s3",
            "module.tokyo.aws_vpc_endpoint.ssm",
            "module.tokyo.aws_vpc_endpoint.ssmmessages",
            "module.tokyo.data.aws_caller_identity.current",
            "module.tokyo.data.aws_ssm_parameter.ami"
          ]
        }
      ]
    },
    {
      "module": "module.tokyo",
      "mode": "managed",
      "type": "aws_cloudwatch_metric_alarm",
      "name": "cpu_high",
      "provider": "provider[\"registry.terraform.io/hashicorp/aws\"]",
      "instances": [
        {
          "schema_version": 1,
          "attributes": {
            "actions_enabled": true,
            "alarm_actions": [
              "arn:aws:autoscaling:ap-northeast-1:931846072481:scalingPolicy:105b2257-1cce-4f85-b00b-f1558f489246:autoScalingGroupName/portfolio-tokyo-asg:policyName/portfolio-tokyo-scale-out"
            ],
            "alarm_description": "",
            "alarm_name": "portfolio-tokyo-cpu-high",
            "arn": "arn:aws:cloudwatch:ap-northeast-1:931846072481:alarm:portfolio-tokyo-cpu-high",
            "comparison_operator": "GreaterThanThreshold",
            "datapoints_to_alarm": 0,
            "dimensions": {
              "AutoScalingGroupName": "portfolio-tokyo-asg"
            },
            "evaluate_low_sample_count_percentiles": "",
            "evaluation_periods": 2,
            "extended_statistic": "",
            "id": "portfolio-tokyo-cpu-high",
            "insufficient_data_actions": [],
            "metric_name": "CPUUtilization",
            "metric_query": [],
            "namespace": "AWS/EC2",
            "ok_actions": [],
            "period": 60,
            "statistic": "Average",
            "tags": {},
            "tags_all": {},
            "threshold": 70,
            "threshold_metric_id": "",
            "treat_missing_data": "missing",
            "unit": ""
          },
          "sensitive_attributes": [],
          "identity_schema_version": 0,
          "private": "eyJzY2hlbWFfdmVyc2lvbiI6IjEifQ==",
          "dependencies": [
            "aws_iam_instance_profile.ssm_profile",
            "aws_iam_role.ssm_role",
            "module.tokyo.aws_autoscaling_group.web",
            "module.tokyo.aws_autoscaling_policy.scale_out",
            "module.tokyo.aws_launch_template.web",
            "module.tokyo.aws_lb_target_group.main",
            "module.tokyo.aws_route_table.private",
            "module.tokyo.aws_s3_bucket.app",
            "module.tokyo.aws_security_group.alb",
            "module.tokyo.aws_security_group.vpce",
            "module.tokyo.aws_security_group.web",
            "module.tokyo.aws_subnet.private_a",
            "module.tokyo.aws_subnet.private_c",
            "module.tokyo.aws_vpc.main",
            "module.tokyo.aws_vpc_endpoint.ec2messages",
            "module.tokyo.aws_vpc_endpoint.s3",
            "module.tokyo.aws_vpc_endpoint.ssm",
            "module.tokyo.aws_vpc_endpoint.ssmmessages",
            "module.tokyo.data.aws_caller_identity.current",
            "module.tokyo.data.aws_ssm_parameter.ami"
          ]
        }
      ]
    },
    {
      "module": "module.tokyo",
      "mode": "managed",
      "type": "aws_cloudwatch_metric_alarm",
      "name": "cpu_low",
      "provider": "provider[\"registry.terraform.io/hashicorp/aws\"]",
      "instances": [
        {
          "schema_version": 1,
          "attributes": {
            "actions_enabled": true,
            "alarm_actions": [
              "arn:aws:autoscaling:ap-northeast-1:931846072481:scalingPolicy:4ee59dec-3730-4a37-b62a-e0e2f0c9a9ed:autoScalingGroupName/portfolio-tokyo-asg:policyName/portfolio-tokyo-scale-in"
            ],
            "alarm_description": "",
            "alarm_name": "portfolio-tokyo-cpu-low",
            "arn": "arn:aws:cloudwatch:ap-northeast-1:931846072481:alarm:portfolio-tokyo-cpu-low",
            "comparison_operator": "LessThanThreshold",
            "datapoints_to_alarm": 0,
            "dimensions": {
              "AutoScalingGroupName": "portfolio-tokyo-asg"
            },
            "evaluate_low_sample_count_percentiles": "",
            "evaluation_periods": 2,
            "extended_statistic": "",
            "id": "portfolio-tokyo-cpu-low",
            "insufficient_data_actions": [],
            "metric_name": "CPUUtilization",
            "metric_query": [],
            "namespace": "AWS/EC2",
            "ok_actions": [],
            "period": 60,
            "statistic": "Average",
            "tags": {},
            "tags_all": {},
            "threshold": 30,
            "threshold_metric_id": "",
            "treat_missing_data": "missing",
            "unit": ""
          },
          "sensitive_attributes": [],
          "identity_schema_version": 0,
          "private": "eyJzY2hlbWFfdmVyc2lvbiI6IjEifQ==",
          "dependencies": [
            "aws_iam_instance_profile.ssm_profile",
            "aws_iam_role.ssm_role",
            "module.tokyo.aws_autoscaling_group.web",
            "module.tokyo.aws_autoscaling_policy.scale_in",
            "module.tokyo.aws_launch_template.web",
            "module.tokyo.aws_lb_target_group.main",
            "module.tokyo.aws_route_table.private",
            "module.tokyo.aws_s3_bucket.app",
            "module.tokyo.aws_security_group.alb",
            "module.tokyo.aws_security_group.vpce",
            "module.tokyo.aws_security_group.web",
            "module.tokyo.aws_subnet.private_a",
            "module.tokyo.aws_subnet.private_c",
            "module.tokyo.aws_vpc.main",
            "module.tokyo.aws_vpc_endpoint.ec2messages",
            "module.tokyo.aws_vpc_endpoint.s3",
            "module.tokyo.aws_vpc_endpoint.ssm",
            "module.tokyo.aws_vpc_endpoint.ssmmessages",
            "module.tokyo.data.aws_caller_identity.current",
            "module.tokyo.data.aws_ssm_parameter.ami"
          ]
        }
      ]
    },
    {
      "module": "module.tokyo",
      "mode": "managed",
      "type": "aws_internet_gateway",
      "name": "main",
      "provider": "provider[\"registry.terraform.io/hashicorp/aws\"]",
      "instances": [
        {
          "schema_version": 0,
          "attributes": {
            "arn": "arn:aws:ec2:ap-northeast-1:931846072481:internet-gateway/igw-0a5affcab90294444",
            "id": "igw-0a5affcab90294444",
            "owner_id": "931846072481",
            "tags": {
              "Name": "portfolio-tokyo-igw"
            },
            "tags_all": {
              "Name": "portfolio-tokyo-igw"
            },
            "timeouts": null,
            "vpc_id": "vpc-08b2cbedf15132a99"
          },
          "sensitive_attributes": [],
          "identity_schema_version": 0,
          "private": "eyJlMmJmYjczMC1lY2FhLTExZTYtOGY4OC0zNDM2M2JjN2M0YzAiOnsiY3JlYXRlIjoxMjAwMDAwMDAwMDAwLCJkZWxldGUiOjEyMDAwMDAwMDAwMDAsInVwZGF0ZSI6MTIwMDAwMDAwMDAwMH19",
          "dependencies": [
            "module.tokyo.aws_vpc.main"
          ]
        }
      ]
    },
    {
      "module": "module.tokyo",
      "mode": "managed",
      "type": "aws_launch_template",
      "name": "web",
      "provider": "provider[\"registry.terraform.io/hashicorp/aws\"]",
      "instances": [
        {
          "schema_version": 0,
          "attributes": {
            "arn": "arn:aws:ec2:ap-northeast-1:931846072481:launch-template/lt-095d204d53933c7a4",
            "block_device_mappings": [],
            "capacity_reservation_specification": [],
            "cpu_options": [],
            "credit_specification": [],
            "default_version": 1,
            "description": "",
            "disable_api_stop": false,
            "disable_api_termination": false,
            "ebs_optimized": "",
            "elastic_gpu_specifications": [],
            "elastic_inference_accelerator": [],
            "enclave_options": [],
            "hibernation_options": [],
            "iam_instance_profile": [
              {
                "arn": "",
                "name": "portfolio-ssm-profile"
              }
            ],
            "id": "lt-095d204d53933c7a4",
            "image_id": "ami-007ea17fb9422e93f",
            "instance_initiated_shutdown_behavior": "",
            "instance_market_options": [],
            "instance_requirements": [],
            "instance_type": "t3.micro",
            "kernel_id": "",
            "key_name": "",
            "latest_version": 4,
            "license_specification": [],
            "maintenance_options": [],
            "metadata_options": [],
            "monitoring": [],
            "name": "portfolio-tokyo-web-20260408043115753600000008",
            "name_prefix": "portfolio-tokyo-web-",
            "network_interfaces": [
              {
                "associate_carrier_ip_address": "",
                "associate_public_ip_address": "",
                "connection_tracking_specification": [],
                "delete_on_termination": "",
                "description": "",
                "device_index": 0,
                "ena_srd_specification": [],
                "interface_type": "",
                "ipv4_address_count": 0,
                "ipv4_addresses": [],
                "ipv4_prefix_count": 0,
                "ipv4_prefixes": [],
                "ipv6_address_count": 0,
                "ipv6_addresses": [],
                "ipv6_prefix_count": 0,
                "ipv6_prefixes": [],
                "network_card_index": 0,
                "network_interface_id": "",
                "primary_ipv6": "",
                "private_ip_address": "",
                "security_groups": [
                  "sg-0cb4e73e807bd0205"
                ],
                "subnet_id": ""
              }
            ],
            "placement": [],
            "private_dns_name_options": [],
            "ram_disk_id": "",
            "security_group_names": [],
            "tag_specifications": [],
            "tags": {},
            "tags_all": {},
            "update_default_version": null,
            "user_data": "IyEvYmluL2Jhc2gKc2V0IC1lCm1rZGlyIC1wIC9hcHAgL3RtcC93aGVlbHMKYXdzIHMzIGNwIHMzOi8vcG9ydGZvbGlvLWFwcC05MzE4NDYwNzI0ODEtdG9reW8vYXBwL21haW4ucHkgL2FwcC9tYWluLnB5CmF3cyBzMyBzeW5jIHMzOi8vcG9ydGZvbGlvLWFwcC05MzE4NDYwNzI0ODEtdG9reW8vd2hlZWxzLyAvdG1wL3doZWVscy8KcHl0aG9uMyAtbSBlbnN1cmVwaXAKcHl0aG9uMyAtbSBwaXAgaW5zdGFsbCAtLW5vLWluZGV4IC0tZmluZC1saW5rcyAvdG1wL3doZWVscyBmbGFzayBib3RvMwoKCiMgSU1EU3YyOiDjgb7jgZrjg4jjg7zjgq/jg7PjgpLlj5blvpcKVE9LRU49JChjdXJsIC1zIC1YIFBVVCBodHRwOi8vMTY5LjI1NC4xNjkuMjU0L2xhdGVzdC9hcGkvdG9rZW4gXAogIC1IICJYLWF3cy1lYzItbWV0YWRhdGEtdG9rZW4tdHRsLXNlY29uZHM6NjAiKQoKIyDjg4jjg7zjgq/jg7PjgpLkvb/jgaPjgabjg6rjg7zjgrjjg6fjg7PjgpLlj5blvpcKUkVHSU9OPSQoY3VybCAtcyBodHRwOi8vMTY5LjI1NC4xNjkuMjU0L2xhdGVzdC9tZXRhLWRhdGEvcGxhY2VtZW50L3JlZ2lvbiBcCiAgLUggIlgtYXdzLWVjMi1tZXRhZGF0YS10b2tlbjogJFRPS0VOIikKCmNhdCA+IC9ldGMvc3lzdGVtZC9zeXN0ZW0vcG9ydGZvbGlvLnNlcnZpY2UgPDxVTklUCltVbml0XQpEZXNjcmlwdGlvbj1Qb3J0Zm9saW8gRmxhc2sgQXBwCkFmdGVyPW5ldHdvcmsudGFyZ2V0CgpbU2VydmljZV0KRW52aXJvbm1lbnQ9QVdTX0RFRkFVTFRfUkVHSU9OPSR7UkVHSU9OfQpFeGVjU3RhcnQ9L3Vzci9iaW4vcHl0aG9uMyAvYXBwL21haW4ucHkKUmVzdGFydD1hbHdheXMKVXNlcj1yb290CgpbSW5zdGFsbF0KV2FudGVkQnk9bXVsdGktdXNlci50YXJnZXQKVU5JVAoKc3lzdGVtY3RsIGVuYWJsZSBwb3J0Zm9saW8Kc3lzdGVtY3RsIHN0YXJ0IHBvcnRmb2xpbwo=",
            "vpc_security_group_ids": []
          },
          "sensitive_attributes": [
            [
              {
                "type": "get_attr",
                "value": "image_id"
              }
            ]
          ],
          "identity_schema_version": 0,
          "private": "bnVsbA==",
          "dependencies": [
            "aws_iam_instance_profile.ssm_profile",
            "aws_iam_role.ssm_role",
            "module.tokyo.aws_s3_bucket.app",
            "module.tokyo.aws_security_group.alb",
            "module.tokyo.aws_security_group.web",
            "module.tokyo.aws_vpc.main",
            "module.tokyo.data.aws_caller_identity.current",
            "module.tokyo.data.aws_ssm_parameter.ami"
          ]
        }
      ]
    },
    {
      "module": "module.tokyo",
      "mode": "managed",
      "type": "aws_lb",
      "name": "main",
      "provider": "provider[\"registry.terraform.io/hashicorp/aws\"]",
      "instances": [
        {
          "schema_version": 0,
          "attributes": {
            "access_logs": [
              {
                "bucket": "",
                "enabled": false,
                "prefix": ""
              }
            ],
            "arn": "arn:aws:elasticloadbalancing:ap-northeast-1:931846072481:loadbalancer/app/portfolio-tokyo-alb/9e5ef7f9858766f4",
            "arn_suffix": "app/portfolio-tokyo-alb/9e5ef7f9858766f4",
            "client_keep_alive": 3600,
            "connection_logs": [
              {
                "bucket": "",
                "enabled": false,
                "prefix": ""
              }
            ],
            "customer_owned_ipv4_pool": "",
            "desync_mitigation_mode": "defensive",
            "dns_name": "portfolio-tokyo-alb-1539931409.ap-northeast-1.elb.amazonaws.com",
            "dns_record_client_routing_policy": null,
            "drop_invalid_header_fields": false,
            "enable_cross_zone_load_balancing": true,
            "enable_deletion_protection": false,
            "enable_http2": true,
            "enable_tls_version_and_cipher_suite_headers": false,
            "enable_waf_fail_open": false,
            "enable_xff_client_port": false,
            "enable_zonal_shift": false,
            "enforce_security_group_inbound_rules_on_private_link_traffic": "",
            "id": "arn:aws:elasticloadbalancing:ap-northeast-1:931846072481:loadbalancer/app/portfolio-tokyo-alb/9e5ef7f9858766f4",
            "idle_timeout": 60,
            "internal": false,
            "ip_address_type": "ipv4",
            "ipam_pools": [],
            "load_balancer_type": "application",
            "minimum_load_balancer_capacity": [],
            "name": "portfolio-tokyo-alb",
            "name_prefix": "",
            "preserve_host_header": false,
            "security_groups": [
              "sg-0f737cb10d98e1814"
            ],
            "subnet_mapping": [
              {
                "allocation_id": "",
                "ipv6_address": "",
                "outpost_id": "",
                "private_ipv4_address": "",
                "subnet_id": "subnet-044fd132e6402d947"
              },
              {
                "allocation_id": "",
                "ipv6_address": "",
                "outpost_id": "",
                "private_ipv4_address": "",
                "subnet_id": "subnet-056812df35c63f34b"
              }
            ],
            "subnets": [
              "subnet-044fd132e6402d947",
              "subnet-056812df35c63f34b"
            ],
            "tags": {
              "Name": "portfolio-tokyo-alb"
            },
            "tags_all": {
              "Name": "portfolio-tokyo-alb"
            },
            "timeouts": null,
            "vpc_id": "vpc-08b2cbedf15132a99",
            "xff_header_processing_mode": "append",
            "zone_id": "Z14GRHDCWA56QT"
          },
          "sensitive_attributes": [],
          "identity_schema_version": 0,
          "private": "eyJlMmJmYjczMC1lY2FhLTExZTYtOGY4OC0zNDM2M2JjN2M0YzAiOnsiY3JlYXRlIjo2MDAwMDAwMDAwMDAsImRlbGV0ZSI6NjAwMDAwMDAwMDAwLCJ1cGRhdGUiOjYwMDAwMDAwMDAwMH19",
          "dependencies": [
            "module.tokyo.aws_security_group.alb",
            "module.tokyo.aws_subnet.public_a",
            "module.tokyo.aws_subnet.public_c",
            "module.tokyo.aws_vpc.main"
          ]
        }
      ]
    },
    {
      "module": "module.tokyo",
      "mode": "managed",
      "type": "aws_lb_listener",
      "name": "http_redirect",
      "provider": "provider[\"registry.terraform.io/hashicorp/aws\"]",
      "instances": [
        {
          "schema_version": 0,
          "attributes": {
            "alpn_policy": null,
            "arn": "arn:aws:elasticloadbalancing:ap-northeast-1:931846072481:listener/app/portfolio-tokyo-alb/9e5ef7f9858766f4/9fd5d930c2f705fa",
            "certificate_arn": null,
            "default_action": [
              {
                "authenticate_cognito": [],
                "authenticate_oidc": [],
                "fixed_response": [],
                "forward": [],
                "order": 1,
                "redirect": [
                  {
                    "host": "#{host}",
                    "path": "/#{path}",
                    "port": "443",
                    "protocol": "HTTPS",
                    "query": "#{query}",
                    "status_code": "HTTP_301"
                  }
                ],
                "target_group_arn": "",
                "type": "redirect"
              }
            ],
            "id": "arn:aws:elasticloadbalancing:ap-northeast-1:931846072481:listener/app/portfolio-tokyo-alb/9e5ef7f9858766f4/9fd5d930c2f705fa",
            "load_balancer_arn": "arn:aws:elasticloadbalancing:ap-northeast-1:931846072481:loadbalancer/app/portfolio-tokyo-alb/9e5ef7f9858766f4",
            "mutual_authentication": [],
            "port": 80,
            "protocol": "HTTP",
            "routing_http_request_x_amzn_mtls_clientcert_header_name": null,
            "routing_http_request_x_amzn_mtls_clientcert_issuer_header_name": null,
            "routing_http_request_x_amzn_mtls_clientcert_leaf_header_name": null,
            "routing_http_request_x_amzn_mtls_clientcert_serial_number_header_name": null,
            "routing_http_request_x_amzn_mtls_clientcert_subject_header_name": null,
            "routing_http_request_x_amzn_mtls_clientcert_validity_header_name": null,
            "routing_http_request_x_amzn_tls_cipher_suite_header_name": null,
            "routing_http_request_x_amzn_tls_version_header_name": null,
            "routing_http_response_access_control_allow_credentials_header_value": "",
            "routing_http_response_access_control_allow_headers_header_value": "",
            "routing_http_response_access_control_allow_methods_header_value": "",
            "routing_http_response_access_control_allow_origin_header_value": "",
            "routing_http_response_access_control_expose_headers_header_value": "",
            "routing_http_response_access_control_max_age_header_value": "",
            "routing_http_response_content_security_policy_header_value": "",
            "routing_http_response_server_enabled": true,
            "routing_http_response_strict_transport_security_header_value": "",
            "routing_http_response_x_content_type_options_header_value": "",
            "routing_http_response_x_frame_options_header_value": "",
            "ssl_policy": "",
            "tags": {},
            "tags_all": {},
            "tcp_idle_timeout_seconds": null,
            "timeouts": null
          },
          "sensitive_attributes": [],
          "identity_schema_version": 0,
          "private": "eyJlMmJmYjczMC1lY2FhLTExZTYtOGY4OC0zNDM2M2JjN2M0YzAiOnsiY3JlYXRlIjozMDAwMDAwMDAwMDAsInVwZGF0ZSI6MzAwMDAwMDAwMDAwfX0=",
          "dependencies": [
            "module.tokyo.aws_lb.main",
            "module.tokyo.aws_security_group.alb",
            "module.tokyo.aws_subnet.public_a",
            "module.tokyo.aws_subnet.public_c",
            "module.tokyo.aws_vpc.main"
          ]
        }
      ]
    },
    {
      "module": "module.tokyo",
      "mode": "managed",
      "type": "aws_lb_listener",
      "name": "https",
      "provider": "provider[\"registry.terraform.io/hashicorp/aws\"]",
      "instances": [
        {
          "schema_version": 0,
          "attributes": {
            "alpn_policy": null,
            "arn": "arn:aws:elasticloadbalancing:ap-northeast-1:931846072481:listener/app/portfolio-tokyo-alb/9e5ef7f9858766f4/1b64bcd3ec09e85b",
            "certificate_arn": "arn:aws:acm:ap-northeast-1:931846072481:certificate/ff68a221-8ab8-4515-bba5-a8fe12ebe958",
            "default_action": [
              {
                "authenticate_cognito": [],
                "authenticate_oidc": [],
                "fixed_response": [],
                "forward": [],
                "order": 1,
                "redirect": [],
                "target_group_arn": "arn:aws:elasticloadbalancing:ap-northeast-1:931846072481:targetgroup/ptftg-20260408145620559000000001/b6a6da61e762b707",
                "type": "forward"
              }
            ],
            "id": "arn:aws:elasticloadbalancing:ap-northeast-1:931846072481:listener/app/portfolio-tokyo-alb/9e5ef7f9858766f4/1b64bcd3ec09e85b",
            "load_balancer_arn": "arn:aws:elasticloadbalancing:ap-northeast-1:931846072481:loadbalancer/app/portfolio-tokyo-alb/9e5ef7f9858766f4",
            "mutual_authentication": [
              {
                "advertise_trust_store_ca_names": "",
                "ignore_client_certificate_expiry": false,
                "mode": "off",
                "trust_store_arn": ""
              }
            ],
            "port": 443,
            "protocol": "HTTPS",
            "routing_http_request_x_amzn_mtls_clientcert_header_name": "",
            "routing_http_request_x_amzn_mtls_clientcert_issuer_header_name": "",
            "routing_http_request_x_amzn_mtls_clientcert_leaf_header_name": "",
            "routing_http_request_x_amzn_mtls_clientcert_serial_number_header_name": "",
            "routing_http_request_x_amzn_mtls_clientcert_subject_header_name": "",
            "routing_http_request_x_amzn_mtls_clientcert_validity_header_name": "",
            "routing_http_request_x_amzn_tls_cipher_suite_header_name": "",
            "routing_http_request_x_amzn_tls_version_header_name": "",
            "routing_http_response_access_control_allow_credentials_header_value": "",
            "routing_http_response_access_control_allow_headers_header_value": "",
            "routing_http_response_access_control_allow_methods_header_value": "",
            "routing_http_response_access_control_allow_origin_header_value": "",
            "routing_http_response_access_control_expose_headers_header_value": "",
            "routing_http_response_access_control_max_age_header_value": "",
            "routing_http_response_content_security_policy_header_value": "",
            "routing_http_response_server_enabled": true,
            "routing_http_response_strict_transport_security_header_value": "",
            "routing_http_response_x_content_type_options_header_value": "",
            "routing_http_response_x_frame_options_header_value": "",
            "ssl_policy": "ELBSecurityPolicy-TLS13-1-2-2021-06",
            "tags": {},
            "tags_all": {},
            "tcp_idle_timeout_seconds": null,
            "timeouts": null
          },
          "sensitive_attributes": [],
          "identity_schema_version": 0,
          "private": "eyJlMmJmYjczMC1lY2FhLTExZTYtOGY4OC0zNDM2M2JjN2M0YzAiOnsiY3JlYXRlIjozMDAwMDAwMDAwMDAsInVwZGF0ZSI6MzAwMDAwMDAwMDAwfX0=",
          "dependencies": [
            "aws_route53_zone.portfolio_sub",
            "module.tokyo.aws_acm_certificate.main",
            "module.tokyo.aws_acm_certificate_validation.main",
            "module.tokyo.aws_lb.main",
            "module.tokyo.aws_lb_target_group.main",
            "module.tokyo.aws_route53_record.cert_validation",
            "module.tokyo.aws_security_group.alb",
            "module.tokyo.aws_subnet.public_a",
            "module.tokyo.aws_subnet.public_c",
            "module.tokyo.aws_vpc.main"
          ]
        }
      ]
    },
    {
      "module": "module.tokyo",
      "mode": "managed",
      "type": "aws_lb_target_group",
      "name": "main",
      "provider": "provider[\"registry.terraform.io/hashicorp/aws\"]",
      "instances": [
        {
          "schema_version": 0,
          "attributes": {
            "arn": "arn:aws:elasticloadbalancing:ap-northeast-1:931846072481:targetgroup/ptftg-20260408145620559000000001/b6a6da61e762b707",
            "arn_suffix": "targetgroup/ptftg-20260408145620559000000001/b6a6da61e762b707",
            "connection_termination": null,
            "deregistration_delay": "300",
            "health_check": [
              {
                "enabled": true,
                "healthy_threshold": 2,
                "interval": 30,
                "matcher": "200",
                "path": "/",
                "port": "traffic-port",
                "protocol": "HTTP",
                "timeout": 5,
                "unhealthy_threshold": 3
              }
            ],
            "id": "arn:aws:elasticloadbalancing:ap-northeast-1:931846072481:targetgroup/ptftg-20260408145620559000000001/b6a6da61e762b707",
            "ip_address_type": "ipv4",
            "lambda_multi_value_headers_enabled": false,
            "load_balancer_arns": [
              "arn:aws:elasticloadbalancing:ap-northeast-1:931846072481:loadbalancer/app/portfolio-tokyo-alb/9e5ef7f9858766f4"
            ],
            "load_balancing_algorithm_type": "round_robin",
            "load_balancing_anomaly_mitigation": "off",
            "load_balancing_cross_zone_enabled": "use_load_balancer_configuration",
            "name": "ptftg-20260408145620559000000001",
            "name_prefix": "ptftg-",
            "port": 8080,
            "preserve_client_ip": null,
            "protocol": "HTTP",
            "protocol_version": "HTTP1",
            "proxy_protocol_v2": false,
            "slow_start": 0,
            "stickiness": [
              {
                "cookie_duration": 86400,
                "cookie_name": "",
                "enabled": false,
                "type": "lb_cookie"
              }
            ],
            "tags": {},
            "tags_all": {},
            "target_failover": [
              {
                "on_deregistration": null,
                "on_unhealthy": null
              }
            ],
            "target_group_health": [
              {
                "dns_failover": [
                  {
                    "minimum_healthy_targets_count": "1",
                    "minimum_healthy_targets_percentage": "off"
                  }
                ],
                "unhealthy_state_routing": [
                  {
                    "minimum_healthy_targets_count": 1,
                    "minimum_healthy_targets_percentage": "off"
                  }
                ]
              }
            ],
            "target_health_state": [
              {
                "enable_unhealthy_connection_termination": null,
                "unhealthy_draining_interval": null
              }
            ],
            "target_type": "instance",
            "vpc_id": "vpc-08b2cbedf15132a99"
          },
          "sensitive_attributes": [],
          "identity_schema_version": 0,
          "private": "bnVsbA==",
          "dependencies": [
            "module.tokyo.aws_vpc.main"
          ],
          "create_before_destroy": true
        }
      ]
    },
    {
      "module": "module.tokyo",
      "mode": "managed",
      "type": "aws_route53_record",
      "name": "cert_validation",
      "provider": "provider[\"registry.terraform.io/hashicorp/aws\"]",
      "instances": [
        {
          "index_key": "portfolio.vexations.org",
          "schema_version": 2,
          "attributes": {
            "alias": [],
            "allow_overwrite": true,
            "cidr_routing_policy": [],
            "failover_routing_policy": [],
            "fqdn": "_e2d449a81a0b04a74c9f8701e6ec64ad.portfolio.vexations.org",
            "geolocation_routing_policy": [],
            "geoproximity_routing_policy": [],
            "health_check_id": "",
            "id": "Z09663592037PVJZ4HVM7__e2d449a81a0b04a74c9f8701e6ec64ad.portfolio.vexations.org._CNAME",
            "latency_routing_policy": [],
            "multivalue_answer_routing_policy": false,
            "name": "_e2d449a81a0b04a74c9f8701e6ec64ad.portfolio.vexations.org",
            "records": [
              "_aadb6f1807b0dee0f5fa8764708706be.jkddzztszm.acm-validations.aws."
            ],
            "set_identifier": "",
            "timeouts": null,
            "ttl": 60,
            "type": "CNAME",
            "weighted_routing_policy": [],
            "zone_id": "Z09663592037PVJZ4HVM7"
          },
          "sensitive_attributes": [],
          "identity_schema_version": 0,
          "private": "eyJlMmJmYjczMC1lY2FhLTExZTYtOGY4OC0zNDM2M2JjN2M0YzAiOnsiY3JlYXRlIjoxODAwMDAwMDAwMDAwLCJkZWxldGUiOjE4MDAwMDAwMDAwMDAsInVwZGF0ZSI6MTgwMDAwMDAwMDAwMH0sInNjaGVtYV92ZXJzaW9uIjoiMiJ9",
          "dependencies": [
            "aws_route53_zone.portfolio_sub",
            "module.tokyo.aws_acm_certificate.main"
          ]
        }
      ]
    },
    {
      "module": "module.tokyo",
      "mode": "managed",
      "type": "aws_route_table",
      "name": "private",
      "provider": "provider[\"registry.terraform.io/hashicorp/aws\"]",
      "instances": [
        {
          "schema_version": 0,
          "attributes": {
            "arn": "arn:aws:ec2:ap-northeast-1:931846072481:route-table/rtb-0788288957052b45f",
            "id": "rtb-0788288957052b45f",
            "owner_id": "931846072481",
            "propagating_vgws": [],
            "route": [],
            "tags": {
              "Name": "portfolio-tokyo-private-rt"
            },
            "tags_all": {
              "Name": "portfolio-tokyo-private-rt"
            },
            "timeouts": null,
            "vpc_id": "vpc-08b2cbedf15132a99"
          },
          "sensitive_attributes": [],
          "identity_schema_version": 0,
          "private": "eyJlMmJmYjczMC1lY2FhLTExZTYtOGY4OC0zNDM2M2JjN2M0YzAiOnsiY3JlYXRlIjozMDAwMDAwMDAwMDAsImRlbGV0ZSI6MzAwMDAwMDAwMDAwLCJ1cGRhdGUiOjEyMDAwMDAwMDAwMH19",
          "dependencies": [
            "module.tokyo.aws_vpc.main"
          ]
        }
      ]
    },
    {
      "module": "module.tokyo",
      "mode": "managed",
      "type": "aws_route_table",
      "name": "public",
      "provider": "provider[\"registry.terraform.io/hashicorp/aws\"]",
      "instances": [
        {
          "schema_version": 0,
          "attributes": {
            "arn": "arn:aws:ec2:ap-northeast-1:931846072481:route-table/rtb-0b8b23b57d434cb33",
            "id": "rtb-0b8b23b57d434cb33",
            "owner_id": "931846072481",
            "propagating_vgws": [],
            "route": [
              {
                "carrier_gateway_id": "",
                "cidr_block": "0.0.0.0/0",
                "core_network_arn": "",
                "destination_prefix_list_id": "",
                "egress_only_gateway_id": "",
                "gateway_id": "igw-0a5affcab90294444",
                "ipv6_cidr_block": "",
                "local_gateway_id": "",
                "nat_gateway_id": "",
                "network_interface_id": "",
                "transit_gateway_id": "",
                "vpc_endpoint_id": "",
                "vpc_peering_connection_id": ""
              }
            ],
            "tags": {
              "Name": "portfolio-tokyo-public-rt"
            },
            "tags_all": {
              "Name": "portfolio-tokyo-public-rt"
            },
            "timeouts": null,
            "vpc_id": "vpc-08b2cbedf15132a99"
          },
          "sensitive_attributes": [],
          "identity_schema_version": 0,
          "private": "eyJlMmJmYjczMC1lY2FhLTExZTYtOGY4OC0zNDM2M2JjN2M0YzAiOnsiY3JlYXRlIjozMDAwMDAwMDAwMDAsImRlbGV0ZSI6MzAwMDAwMDAwMDAwLCJ1cGRhdGUiOjEyMDAwMDAwMDAwMH19",
          "dependencies": [
            "module.tokyo.aws_internet_gateway.main",
            "module.tokyo.aws_vpc.main"
          ]
        }
      ]
    },
    {
      "module": "module.tokyo",
      "mode": "managed",
      "type": "aws_route_table_association",
      "name": "private_a",
      "provider": "provider[\"registry.terraform.io/hashicorp/aws\"]",
      "instances": [
        {
          "schema_version": 0,
          "attributes": {
            "gateway_id": "",
            "id": "rtbassoc-06791805c76e39c0d",
            "route_table_id": "rtb-0788288957052b45f",
            "subnet_id": "subnet-03cefef611e21ae3f",
            "timeouts": null
          },
          "sensitive_attributes": [],
          "identity_schema_version": 0,
          "private": "eyJlMmJmYjczMC1lY2FhLTExZTYtOGY4OC0zNDM2M2JjN2M0YzAiOnsiY3JlYXRlIjozMDAwMDAwMDAwMDAsImRlbGV0ZSI6MzAwMDAwMDAwMDAwLCJ1cGRhdGUiOjEyMDAwMDAwMDAwMH19",
          "dependencies": [
            "module.tokyo.aws_route_table.private",
            "module.tokyo.aws_subnet.private_a",
            "module.tokyo.aws_vpc.main"
          ]
        }
      ]
    },
    {
      "module": "module.tokyo",
      "mode": "managed",
      "type": "aws_route_table_association",
      "name": "private_c",
      "provider": "provider[\"registry.terraform.io/hashicorp/aws\"]",
      "instances": [
        {
          "schema_version": 0,
          "attributes": {
            "gateway_id": "",
            "id": "rtbassoc-02bd1251179305cf3",
            "route_table_id": "rtb-0788288957052b45f",
            "subnet_id": "subnet-06f1a3205debf5934",
            "timeouts": null
          },
          "sensitive_attributes": [],
          "identity_schema_version": 0,
          "private": "eyJlMmJmYjczMC1lY2FhLTExZTYtOGY4OC0zNDM2M2JjN2M0YzAiOnsiY3JlYXRlIjozMDAwMDAwMDAwMDAsImRlbGV0ZSI6MzAwMDAwMDAwMDAwLCJ1cGRhdGUiOjEyMDAwMDAwMDAwMH19",
          "dependencies": [
            "module.tokyo.aws_route_table.private",
            "module.tokyo.aws_subnet.private_c",
            "module.tokyo.aws_vpc.main"
          ]
        }
      ]
    },
    {
      "module": "module.tokyo",
      "mode": "managed",
      "type": "aws_route_table_association",
      "name": "public_a",
      "provider": "provider[\"registry.terraform.io/hashicorp/aws\"]",
      "instances": [
        {
          "schema_version": 0,
          "attributes": {
            "gateway_id": "",
            "id": "rtbassoc-07490cfc4e32ae322",
            "route_table_id": "rtb-0b8b23b57d434cb33",
            "subnet_id": "subnet-044fd132e6402d947",
            "timeouts": null
          },
          "sensitive_attributes": [],
          "identity_schema_version": 0,
          "private": "eyJlMmJmYjczMC1lY2FhLTExZTYtOGY4OC0zNDM2M2JjN2M0YzAiOnsiY3JlYXRlIjozMDAwMDAwMDAwMDAsImRlbGV0ZSI6MzAwMDAwMDAwMDAwLCJ1cGRhdGUiOjEyMDAwMDAwMDAwMH19",
          "dependencies": [
            "module.tokyo.aws_internet_gateway.main",
            "module.tokyo.aws_route_table.public",
            "module.tokyo.aws_subnet.public_a",
            "module.tokyo.aws_vpc.main"
          ]
        }
      ]
    },
    {
      "module": "module.tokyo",
      "mode": "managed",
      "type": "aws_route_table_association",
      "name": "public_c",
      "provider": "provider[\"registry.terraform.io/hashicorp/aws\"]",
      "instances": [
        {
          "schema_version": 0,
          "attributes": {
            "gateway_id": "",
            "id": "rtbassoc-0a5311b05cc13f3c3",
            "route_table_id": "rtb-0b8b23b57d434cb33",
            "subnet_id": "subnet-056812df35c63f34b",
            "timeouts": null
          },
          "sensitive_attributes": [],
          "identity_schema_version": 0,
          "private": "eyJlMmJmYjczMC1lY2FhLTExZTYtOGY4OC0zNDM2M2JjN2M0YzAiOnsiY3JlYXRlIjozMDAwMDAwMDAwMDAsImRlbGV0ZSI6MzAwMDAwMDAwMDAwLCJ1cGRhdGUiOjEyMDAwMDAwMDAwMH19",
          "dependencies": [
            "module.tokyo.aws_internet_gateway.main",
            "module.tokyo.aws_route_table.public",
            "module.tokyo.aws_subnet.public_c",
            "module.tokyo.aws_vpc.main"
          ]
        }
      ]
    },
    {
      "module": "module.tokyo",
      "mode": "managed",
      "type": "aws_s3_bucket",
      "name": "app",
      "provider": "provider[\"registry.terraform.io/hashicorp/aws\"]",
      "instances": [
        {
          "schema_version": 0,
          "attributes": {
            "acceleration_status": "",
            "acl": null,
            "arn": "arn:aws:s3:::portfolio-app-931846072481-tokyo",
            "bucket": "portfolio-app-931846072481-tokyo",
            "bucket_domain_name": "portfolio-app-931846072481-tokyo.s3.amazonaws.com",
            "bucket_prefix": "",
            "bucket_regional_domain_name": "portfolio-app-931846072481-tokyo.s3.ap-northeast-1.amazonaws.com",
            "cors_rule": [],
            "force_destroy": false,
            "grant": [
              {
                "id": "465aa80e9e493a49087d584f65128ff8e5fdd1753de4311402b62b35888d609f",
                "permissions": [
                  "FULL_CONTROL"
                ],
                "type": "CanonicalUser",
                "uri": ""
              }
            ],
            "hosted_zone_id": "Z2M4EHUR26P7ZW",
            "id": "portfolio-app-931846072481-tokyo",
            "lifecycle_rule": [],
            "logging": [],
            "object_lock_configuration": [],
            "object_lock_enabled": false,
            "policy": "",
            "region": "ap-northeast-1",
            "replication_configuration": [],
            "request_payer": "BucketOwner",
            "server_side_encryption_configuration": [
              {
                "rule": [
                  {
                    "apply_server_side_encryption_by_default": [
                      {
                        "kms_master_key_id": "",
                        "sse_algorithm": "AES256"
                      }
                    ],
                    "bucket_key_enabled": false
                  }
                ]
              }
            ],
            "tags": {},
            "tags_all": {},
            "timeouts": null,
            "versioning": [
              {
                "enabled": false,
                "mfa_delete": false
              }
            ],
            "website": [],
            "website_domain": null,
            "website_endpoint": null
          },
          "sensitive_attributes": [],
          "identity_schema_version": 0,
          "private": "eyJlMmJmYjczMC1lY2FhLTExZTYtOGY4OC0zNDM2M2JjN2M0YzAiOnsiY3JlYXRlIjoxMjAwMDAwMDAwMDAwLCJkZWxldGUiOjM2MDAwMDAwMDAwMDAsInJlYWQiOjEyMDAwMDAwMDAwMDAsInVwZGF0ZSI6MTIwMDAwMDAwMDAwMH19",
          "dependencies": [
            "module.tokyo.data.aws_caller_identity.current"
          ]
        }
      ]
    },
    {
      "module": "module.tokyo",
      "mode": "managed",
      "type": "aws_s3_bucket_public_access_block",
      "name": "app",
      "provider": "provider[\"registry.terraform.io/hashicorp/aws\"]",
      "instances": [
        {
          "schema_version": 0,
          "attributes": {
            "block_public_acls": true,
            "block_public_policy": true,
            "bucket": "portfolio-app-931846072481-tokyo",
            "id": "portfolio-app-931846072481-tokyo",
            "ignore_public_acls": true,
            "restrict_public_buckets": true
          },
          "sensitive_attributes": [],
          "identity_schema_version": 0,
          "private": "bnVsbA==",
          "dependencies": [
            "module.tokyo.aws_s3_bucket.app",
            "module.tokyo.data.aws_caller_identity.current"
          ]
        }
      ]
    },
    {
      "module": "module.tokyo",
      "mode": "managed",
      "type": "aws_security_group",
      "name": "alb",
      "provider": "provider[\"registry.terraform.io/hashicorp/aws\"]",
      "instances": [
        {
          "schema_version": 1,
          "attributes": {
            "arn": "arn:aws:ec2:ap-northeast-1:931846072481:security-group/sg-0f737cb10d98e1814",
            "description": "Managed by Terraform",
            "egress": [
              {
                "cidr_blocks": [
                  "0.0.0.0/0"
                ],
                "description": "",
                "from_port": 0,
                "ipv6_cidr_blocks": [],
                "prefix_list_ids": [],
                "protocol": "-1",
                "security_groups": [],
                "self": false,
                "to_port": 0
              }
            ],
            "id": "sg-0f737cb10d98e1814",
            "ingress": [
              {
                "cidr_blocks": [
                  "0.0.0.0/0"
                ],
                "description": "",
                "from_port": 443,
                "ipv6_cidr_blocks": [],
                "prefix_list_ids": [],
                "protocol": "tcp",
                "security_groups": [],
                "self": false,
                "to_port": 443
              },
              {
                "cidr_blocks": [
                  "0.0.0.0/0"
                ],
                "description": "",
                "from_port": 80,
                "ipv6_cidr_blocks": [],
                "prefix_list_ids": [],
                "protocol": "tcp",
                "security_groups": [],
                "self": false,
                "to_port": 80
              }
            ],
            "name": "portfolio-tokyo-alb-sg",
            "name_prefix": "",
            "owner_id": "931846072481",
            "revoke_rules_on_delete": false,
            "tags": {
              "Name": "portfolio-tokyo-alb-sg"
            },
            "tags_all": {
              "Name": "portfolio-tokyo-alb-sg"
            },
            "timeouts": null,
            "vpc_id": "vpc-08b2cbedf15132a99"
          },
          "sensitive_attributes": [],
          "identity_schema_version": 0,
          "private": "eyJlMmJmYjczMC1lY2FhLTExZTYtOGY4OC0zNDM2M2JjN2M0YzAiOnsiY3JlYXRlIjo2MDAwMDAwMDAwMDAsImRlbGV0ZSI6OTAwMDAwMDAwMDAwfSwic2NoZW1hX3ZlcnNpb24iOiIxIn0=",
          "dependencies": [
            "module.tokyo.aws_vpc.main"
          ]
        }
      ]
    },
    {
      "module": "module.tokyo",
      "mode": "managed",
      "type": "aws_security_group",
      "name": "vpce",
      "provider": "provider[\"registry.terraform.io/hashicorp/aws\"]",
      "instances": [
        {
          "schema_version": 1,
          "attributes": {
            "arn": "arn:aws:ec2:ap-northeast-1:931846072481:security-group/sg-036193f7d73739663",
            "description": "Managed by Terraform",
            "egress": [],
            "id": "sg-036193f7d73739663",
            "ingress": [
              {
                "cidr_blocks": [
                  "10.0.0.0/16"
                ],
                "description": "",
                "from_port": 443,
                "ipv6_cidr_blocks": [],
                "prefix_list_ids": [],
                "protocol": "tcp",
                "security_groups": [],
                "self": false,
                "to_port": 443
              }
            ],
            "name": "portfolio-tokyo-vpce-sg",
            "name_prefix": "",
            "owner_id": "931846072481",
            "revoke_rules_on_delete": false,
            "tags": {},
            "tags_all": {},
            "timeouts": null,
            "vpc_id": "vpc-08b2cbedf15132a99"
          },
          "sensitive_attributes": [],
          "identity_schema_version": 0,
          "private": "eyJlMmJmYjczMC1lY2FhLTExZTYtOGY4OC0zNDM2M2JjN2M0YzAiOnsiY3JlYXRlIjo2MDAwMDAwMDAwMDAsImRlbGV0ZSI6OTAwMDAwMDAwMDAwfSwic2NoZW1hX3ZlcnNpb24iOiIxIn0=",
          "dependencies": [
            "module.tokyo.aws_vpc.main"
          ]
        }
      ]
    },
    {
      "module": "module.tokyo",
      "mode": "managed",
      "type": "aws_security_group",
      "name": "web",
      "provider": "provider[\"registry.terraform.io/hashicorp/aws\"]",
      "instances": [
        {
          "schema_version": 1,
          "attributes": {
            "arn": "arn:aws:ec2:ap-northeast-1:931846072481:security-group/sg-0cb4e73e807bd0205",
            "description": "Managed by Terraform",
            "egress": [
              {
                "cidr_blocks": [
                  "0.0.0.0/0"
                ],
                "description": "",
                "from_port": 0,
                "ipv6_cidr_blocks": [],
                "prefix_list_ids": [],
                "protocol": "-1",
                "security_groups": [],
                "self": false,
                "to_port": 0
              }
            ],
            "id": "sg-0cb4e73e807bd0205",
            "ingress": [
              {
                "cidr_blocks": [],
                "description": "",
                "from_port": 8080,
                "ipv6_cidr_blocks": [],
                "prefix_list_ids": [],
                "protocol": "tcp",
                "security_groups": [
                  "sg-0f737cb10d98e1814"
                ],
                "self": false,
                "to_port": 8080
              }
            ],
            "name": "portfolio-tokyo-web-sg",
            "name_prefix": "",
            "owner_id": "931846072481",
            "revoke_rules_on_delete": false,
            "tags": {
              "Name": "portfolio-tokyo-web-sg"
            },
            "tags_all": {
              "Name": "portfolio-tokyo-web-sg"
            },
            "timeouts": null,
            "vpc_id": "vpc-08b2cbedf15132a99"
          },
          "sensitive_attributes": [],
          "identity_schema_version": 0,
          "private": "eyJlMmJmYjczMC1lY2FhLTExZTYtOGY4OC0zNDM2M2JjN2M0YzAiOnsiY3JlYXRlIjo2MDAwMDAwMDAwMDAsImRlbGV0ZSI6OTAwMDAwMDAwMDAwfSwic2NoZW1hX3ZlcnNpb24iOiIxIn0=",
          "dependencies": [
            "module.tokyo.aws_security_group.alb",
            "module.tokyo.aws_vpc.main"
          ]
        }
      ]
    },
    {
      "module": "module.tokyo",
      "mode": "managed",
      "type": "aws_subnet",
      "name": "private_a",
      "provider": "provider[\"registry.terraform.io/hashicorp/aws\"]",
      "instances": [
        {
          "schema_version": 1,
          "attributes": {
            "arn": "arn:aws:ec2:ap-northeast-1:931846072481:subnet/subnet-03cefef611e21ae3f",
            "assign_ipv6_address_on_creation": false,
            "availability_zone": "ap-northeast-1a",
            "availability_zone_id": "apne1-az4",
            "cidr_block": "10.0.3.0/24",
            "customer_owned_ipv4_pool": "",
            "enable_dns64": false,
            "enable_lni_at_device_index": 0,
            "enable_resource_name_dns_a_record_on_launch": false,
            "enable_resource_name_dns_aaaa_record_on_launch": false,
            "id": "subnet-03cefef611e21ae3f",
            "ipv6_cidr_block": "",
            "ipv6_cidr_block_association_id": "",
            "ipv6_native": false,
            "map_customer_owned_ip_on_launch": false,
            "map_public_ip_on_launch": false,
            "outpost_arn": "",
            "owner_id": "931846072481",
            "private_dns_hostname_type_on_launch": "ip-name",
            "tags": {
              "Name": "portfolio-tokyo-private-a"
            },
            "tags_all": {
              "Name": "portfolio-tokyo-private-a"
            },
            "timeouts": null,
            "vpc_id": "vpc-08b2cbedf15132a99"
          },
          "sensitive_attributes": [],
          "identity_schema_version": 0,
          "private": "eyJlMmJmYjczMC1lY2FhLTExZTYtOGY4OC0zNDM2M2JjN2M0YzAiOnsiY3JlYXRlIjo2MDAwMDAwMDAwMDAsImRlbGV0ZSI6MTIwMDAwMDAwMDAwMH0sInNjaGVtYV92ZXJzaW9uIjoiMSJ9",
          "dependencies": [
            "module.tokyo.aws_vpc.main"
          ]
        }
      ]
    },
    {
      "module": "module.tokyo",
      "mode": "managed",
      "type": "aws_subnet",
      "name": "private_c",
      "provider": "provider[\"registry.terraform.io/hashicorp/aws\"]",
      "instances": [
        {
          "schema_version": 1,
          "attributes": {
            "arn": "arn:aws:ec2:ap-northeast-1:931846072481:subnet/subnet-06f1a3205debf5934",
            "assign_ipv6_address_on_creation": false,
            "availability_zone": "ap-northeast-1c",
            "availability_zone_id": "apne1-az1",
            "cidr_block": "10.0.4.0/24",
            "customer_owned_ipv4_pool": "",
            "enable_dns64": false,
            "enable_lni_at_device_index": 0,
            "enable_resource_name_dns_a_record_on_launch": false,
            "enable_resource_name_dns_aaaa_record_on_launch": false,
            "id": "subnet-06f1a3205debf5934",
            "ipv6_cidr_block": "",
            "ipv6_cidr_block_association_id": "",
            "ipv6_native": false,
            "map_customer_owned_ip_on_launch": false,
            "map_public_ip_on_launch": false,
            "outpost_arn": "",
            "owner_id": "931846072481",
            "private_dns_hostname_type_on_launch": "ip-name",
            "tags": {
              "Name": "portfolio-tokyo-private-c"
            },
            "tags_all": {
              "Name": "portfolio-tokyo-private-c"
            },
            "timeouts": null,
            "vpc_id": "vpc-08b2cbedf15132a99"
          },
          "sensitive_attributes": [],
          "identity_schema_version": 0,
          "private": "eyJlMmJmYjczMC1lY2FhLTExZTYtOGY4OC0zNDM2M2JjN2M0YzAiOnsiY3JlYXRlIjo2MDAwMDAwMDAwMDAsImRlbGV0ZSI6MTIwMDAwMDAwMDAwMH0sInNjaGVtYV92ZXJzaW9uIjoiMSJ9",
          "dependencies": [
            "module.tokyo.aws_vpc.main"
          ]
        }
      ]
    },
    {
      "module": "module.tokyo",
      "mode": "managed",
      "type": "aws_subnet",
      "name": "public_a",
      "provider": "provider[\"registry.terraform.io/hashicorp/aws\"]",
      "instances": [
        {
          "schema_version": 1,
          "attributes": {
            "arn": "arn:aws:ec2:ap-northeast-1:931846072481:subnet/subnet-044fd132e6402d947",
            "assign_ipv6_address_on_creation": false,
            "availability_zone": "ap-northeast-1a",
            "availability_zone_id": "apne1-az4",
            "cidr_block": "10.0.1.0/24",
            "customer_owned_ipv4_pool": "",
            "enable_dns64": false,
            "enable_lni_at_device_index": 0,
            "enable_resource_name_dns_a_record_on_launch": false,
            "enable_resource_name_dns_aaaa_record_on_launch": false,
            "id": "subnet-044fd132e6402d947",
            "ipv6_cidr_block": "",
            "ipv6_cidr_block_association_id": "",
            "ipv6_native": false,
            "map_customer_owned_ip_on_launch": false,
            "map_public_ip_on_launch": false,
            "outpost_arn": "",
            "owner_id": "931846072481",
            "private_dns_hostname_type_on_launch": "ip-name",
            "tags": {
              "Name": "portfolio-tokyo-public-a"
            },
            "tags_all": {
              "Name": "portfolio-tokyo-public-a"
            },
            "timeouts": null,
            "vpc_id": "vpc-08b2cbedf15132a99"
          },
          "sensitive_attributes": [],
          "identity_schema_version": 0,
          "private": "eyJlMmJmYjczMC1lY2FhLTExZTYtOGY4OC0zNDM2M2JjN2M0YzAiOnsiY3JlYXRlIjo2MDAwMDAwMDAwMDAsImRlbGV0ZSI6MTIwMDAwMDAwMDAwMH0sInNjaGVtYV92ZXJzaW9uIjoiMSJ9",
          "dependencies": [
            "module.tokyo.aws_vpc.main"
          ]
        }
      ]
    },
    {
      "module": "module.tokyo",
      "mode": "managed",
      "type": "aws_subnet",
      "name": "public_c",
      "provider": "provider[\"registry.terraform.io/hashicorp/aws\"]",
      "instances": [
        {
          "schema_version": 1,
          "attributes": {
            "arn": "arn:aws:ec2:ap-northeast-1:931846072481:subnet/subnet-056812df35c63f34b",
            "assign_ipv6_address_on_creation": false,
            "availability_zone": "ap-northeast-1c",
            "availability_zone_id": "apne1-az1",
            "cidr_block": "10.0.2.0/24",
            "customer_owned_ipv4_pool": "",
            "enable_dns64": false,
            "enable_lni_at_device_index": 0,
            "enable_resource_name_dns_a_record_on_launch": false,
            "enable_resource_name_dns_aaaa_record_on_launch": false,
            "id": "subnet-056812df35c63f34b",
            "ipv6_cidr_block": "",
            "ipv6_cidr_block_association_id": "",
            "ipv6_native": false,
            "map_customer_owned_ip_on_launch": false,
            "map_public_ip_on_launch": false,
            "outpost_arn": "",
            "owner_id": "931846072481",
            "private_dns_hostname_type_on_launch": "ip-name",
            "tags": {
              "Name": "portfolio-tokyo-public-c"
            },
            "tags_all": {
              "Name": "portfolio-tokyo-public-c"
            },
            "timeouts": null,
            "vpc_id": "vpc-08b2cbedf15132a99"
          },
          "sensitive_attributes": [],
          "identity_schema_version": 0,
          "private": "eyJlMmJmYjczMC1lY2FhLTExZTYtOGY4OC0zNDM2M2JjN2M0YzAiOnsiY3JlYXRlIjo2MDAwMDAwMDAwMDAsImRlbGV0ZSI6MTIwMDAwMDAwMDAwMH0sInNjaGVtYV92ZXJzaW9uIjoiMSJ9",
          "dependencies": [
            "module.tokyo.aws_vpc.main"
          ]
        }
      ]
    },
    {
      "module": "module.tokyo",
      "mode": "managed",
      "type": "aws_vpc",
      "name": "main",
      "provider": "provider[\"registry.terraform.io/hashicorp/aws\"]",
      "instances": [
        {
          "schema_version": 1,
          "attributes": {
            "arn": "arn:aws:ec2:ap-northeast-1:931846072481:vpc/vpc-08b2cbedf15132a99",
            "assign_generated_ipv6_cidr_block": false,
            "cidr_block": "10.0.0.0/16",
            "default_network_acl_id": "acl-04c08c15d8dde3389",
            "default_route_table_id": "rtb-0d028c85bb8fa03c9",
            "default_security_group_id": "sg-0f13b418d2fdb114e",
            "dhcp_options_id": "dopt-0b5ae5bb45b452f9c",
            "enable_dns_hostnames": true,
            "enable_dns_support": true,
            "enable_network_address_usage_metrics": false,
            "id": "vpc-08b2cbedf15132a99",
            "instance_tenancy": "default",
            "ipv4_ipam_pool_id": null,
            "ipv4_netmask_length": null,
            "ipv6_association_id": "",
            "ipv6_cidr_block": "",
            "ipv6_cidr_block_network_border_group": "",
            "ipv6_ipam_pool_id": "",
            "ipv6_netmask_length": 0,
            "main_route_table_id": "rtb-0d028c85bb8fa03c9",
            "owner_id": "931846072481",
            "tags": {
              "Name": "portfolio-tokyo-vpc"
            },
            "tags_all": {
              "Name": "portfolio-tokyo-vpc"
            }
          },
          "sensitive_attributes": [],
          "identity_schema_version": 0,
          "private": "eyJzY2hlbWFfdmVyc2lvbiI6IjEifQ==",
          "create_before_destroy": true
        }
      ]
    },
    {
      "module": "module.tokyo",
      "mode": "managed",
      "type": "aws_vpc_endpoint",
      "name": "dynamodb",
      "provider": "provider[\"registry.terraform.io/hashicorp/aws\"]",
      "instances": [
        {
          "schema_version": 0,
          "attributes": {
            "arn": "arn:aws:ec2:ap-northeast-1:931846072481:vpc-endpoint/vpce-01fd1cddf70011a15",
            "auto_accept": null,
            "cidr_blocks": [
              "52.94.8.0/24",
              "13.248.69.0/24",
              "13.248.70.0/24",
              "35.71.114.0/25",
              "35.71.114.128/26"
            ],
            "dns_entry": [],
            "dns_options": [
              {
                "dns_record_ip_type": "service-defined",
                "private_dns_only_for_inbound_resolver_endpoint": false
              }
            ],
            "id": "vpce-01fd1cddf70011a15",
            "ip_address_type": "ipv4",
            "network_interface_ids": [],
            "owner_id": "931846072481",
            "policy": "{\"Statement\":[{\"Action\":\"*\",\"Effect\":\"Allow\",\"Principal\":\"*\",\"Resource\":\"*\"}],\"Version\":\"2008-10-17\"}",
            "prefix_list_id": "pl-78a54011",
            "private_dns_enabled": false,
            "requester_managed": false,
            "resource_configuration_arn": "",
            "route_table_ids": [
              "rtb-0788288957052b45f"
            ],
            "security_group_ids": [],
            "service_name": "com.amazonaws.ap-northeast-1.dynamodb",
            "service_network_arn": "",
            "service_region": "ap-northeast-1",
            "state": "available",
            "subnet_configuration": [],
            "subnet_ids": [],
            "tags": {
              "Name": "portfolio-vpce-tokyo-dynamodb"
            },
            "tags_all": {
              "Name": "portfolio-vpce-tokyo-dynamodb"
            },
            "timeouts": null,
            "vpc_endpoint_type": "Gateway",
            "vpc_id": "vpc-08b2cbedf15132a99"
          },
          "sensitive_attributes": [],
          "identity_schema_version": 0,
          "private": "eyJlMmJmYjczMC1lY2FhLTExZTYtOGY4OC0zNDM2M2JjN2M0YzAiOnsiY3JlYXRlIjo2MDAwMDAwMDAwMDAsImRlbGV0ZSI6NjAwMDAwMDAwMDAwLCJ1cGRhdGUiOjYwMDAwMDAwMDAwMH19",
          "dependencies": [
            "module.tokyo.aws_route_table.private",
            "module.tokyo.aws_vpc.main"
          ]
        }
      ]
    },
    {
      "module": "module.tokyo",
      "mode": "managed",
      "type": "aws_vpc_endpoint",
      "name": "ec2messages",
      "provider": "provider[\"registry.terraform.io/hashicorp/aws\"]",
      "instances": [
        {
          "schema_version": 0,
          "attributes": {
            "arn": "arn:aws:ec2:ap-northeast-1:931846072481:vpc-endpoint/vpce-04bb1f3b7d522d6d5",
            "auto_accept": null,
            "cidr_blocks": [],
            "dns_entry": [
              {
                "dns_name": "vpce-04bb1f3b7d522d6d5-bcybksg8.ec2messages.ap-northeast-1.vpce.amazonaws.com",
                "hosted_zone_id": "Z2E726K9Y6RL4W"
              },
              {
                "dns_name": "vpce-04bb1f3b7d522d6d5-bcybksg8-ap-northeast-1a.ec2messages.ap-northeast-1.vpce.amazonaws.com",
                "hosted_zone_id": "Z2E726K9Y6RL4W"
              },
              {
                "dns_name": "vpce-04bb1f3b7d522d6d5-bcybksg8-ap-northeast-1c.ec2messages.ap-northeast-1.vpce.amazonaws.com",
                "hosted_zone_id": "Z2E726K9Y6RL4W"
              },
              {
                "dns_name": "ec2messages.ap-northeast-1.amazonaws.com",
                "hosted_zone_id": "Z02914783SE2V8K4MLU4B"
              }
            ],
            "dns_options": [
              {
                "dns_record_ip_type": "ipv4",
                "private_dns_only_for_inbound_resolver_endpoint": false
              }
            ],
            "id": "vpce-04bb1f3b7d522d6d5",
            "ip_address_type": "ipv4",
            "network_interface_ids": [
              "eni-00162731f6081a842",
              "eni-0164190f96a35a457"
            ],
            "owner_id": "931846072481",
            "policy": "{\"Statement\":[{\"Action\":\"*\",\"Effect\":\"Allow\",\"Principal\":\"*\",\"Resource\":\"*\"}]}",
            "prefix_list_id": null,
            "private_dns_enabled": true,
            "requester_managed": false,
            "resource_configuration_arn": "",
            "route_table_ids": [],
            "security_group_ids": [
              "sg-036193f7d73739663"
            ],
            "service_name": "com.amazonaws.ap-northeast-1.ec2messages",
            "service_network_arn": "",
            "service_region": "ap-northeast-1",
            "state": "available",
            "subnet_configuration": [
              {
                "ipv4": "10.0.3.167",
                "ipv6": "",
                "subnet_id": "subnet-03cefef611e21ae3f"
              },
              {
                "ipv4": "10.0.4.159",
                "ipv6": "",
                "subnet_id": "subnet-06f1a3205debf5934"
              }
            ],
            "subnet_ids": [
              "subnet-03cefef611e21ae3f",
              "subnet-06f1a3205debf5934"
            ],
            "tags": {
              "Name": "portfolio-vpce-tokyo-ec2messages"
            },
            "tags_all": {
              "Name": "portfolio-vpce-tokyo-ec2messages"
            },
            "timeouts": null,
            "vpc_endpoint_type": "Interface",
            "vpc_id": "vpc-08b2cbedf15132a99"
          },
          "sensitive_attributes": [],
          "identity_schema_version": 0,
          "private": "eyJlMmJmYjczMC1lY2FhLTExZTYtOGY4OC0zNDM2M2JjN2M0YzAiOnsiY3JlYXRlIjo2MDAwMDAwMDAwMDAsImRlbGV0ZSI6NjAwMDAwMDAwMDAwLCJ1cGRhdGUiOjYwMDAwMDAwMDAwMH19",
          "dependencies": [
            "module.tokyo.aws_security_group.vpce",
            "module.tokyo.aws_subnet.private_a",
            "module.tokyo.aws_subnet.private_c",
            "module.tokyo.aws_vpc.main"
          ]
        }
      ]
    },
    {
      "module": "module.tokyo",
      "mode": "managed",
      "type": "aws_vpc_endpoint",
      "name": "s3",
      "provider": "provider[\"registry.terraform.io/hashicorp/aws\"]",
      "instances": [
        {
          "schema_version": 0,
          "attributes": {
            "arn": "arn:aws:ec2:ap-northeast-1:931846072481:vpc-endpoint/vpce-00a9a44206534fe5c",
            "auto_accept": null,
            "cidr_blocks": [
              "3.5.152.0/21",
              "52.219.162.0/23",
              "52.219.0.0/20",
              "52.219.16.0/22",
              "52.219.196.0/22",
              "52.219.172.0/22",
              "52.219.20.0/23",
              "52.219.195.0/24",
              "52.219.200.0/23",
              "52.219.150.0/23",
              "52.219.152.0/22",
              "52.219.136.0/22",
              "52.219.68.0/22"
            ],
            "dns_entry": [],
            "dns_options": [
              {
                "dns_record_ip_type": "service-defined",
                "private_dns_only_for_inbound_resolver_endpoint": false
              }
            ],
            "id": "vpce-00a9a44206534fe5c",
            "ip_address_type": "ipv4",
            "network_interface_ids": [],
            "owner_id": "931846072481",
            "policy": "{\"Statement\":[{\"Action\":\"*\",\"Effect\":\"Allow\",\"Principal\":\"*\",\"Resource\":\"*\"}],\"Version\":\"2008-10-17\"}",
            "prefix_list_id": "pl-61a54008",
            "private_dns_enabled": false,
            "requester_managed": false,
            "resource_configuration_arn": "",
            "route_table_ids": [
              "rtb-0788288957052b45f"
            ],
            "security_group_ids": [],
            "service_name": "com.amazonaws.ap-northeast-1.s3",
            "service_network_arn": "",
            "service_region": "ap-northeast-1",
            "state": "available",
            "subnet_configuration": [],
            "subnet_ids": [],
            "tags": {
              "Name": "portfolio-vpce-tokyo-s3"
            },
            "tags_all": {
              "Name": "portfolio-vpce-tokyo-s3"
            },
            "timeouts": null,
            "vpc_endpoint_type": "Gateway",
            "vpc_id": "vpc-08b2cbedf15132a99"
          },
          "sensitive_attributes": [],
          "identity_schema_version": 0,
          "private": "eyJlMmJmYjczMC1lY2FhLTExZTYtOGY4OC0zNDM2M2JjN2M0YzAiOnsiY3JlYXRlIjo2MDAwMDAwMDAwMDAsImRlbGV0ZSI6NjAwMDAwMDAwMDAwLCJ1cGRhdGUiOjYwMDAwMDAwMDAwMH19",
          "dependencies": [
            "module.tokyo.aws_route_table.private",
            "module.tokyo.aws_vpc.main"
          ]
        }
      ]
    },
    {
      "module": "module.tokyo",
      "mode": "managed",
      "type": "aws_vpc_endpoint",
      "name": "ssm",
      "provider": "provider[\"registry.terraform.io/hashicorp/aws\"]",
      "instances": [
        {
          "schema_version": 0,
          "attributes": {
            "arn": "arn:aws:ec2:ap-northeast-1:931846072481:vpc-endpoint/vpce-05570bb21b2b12051",
            "auto_accept": null,
            "cidr_blocks": [],
            "dns_entry": [
              {
                "dns_name": "vpce-05570bb21b2b12051-oxu3sip1.ssm.ap-northeast-1.vpce.amazonaws.com",
                "hosted_zone_id": "Z2E726K9Y6RL4W"
              },
              {
                "dns_name": "vpce-05570bb21b2b12051-oxu3sip1-ap-northeast-1a.ssm.ap-northeast-1.vpce.amazonaws.com",
                "hosted_zone_id": "Z2E726K9Y6RL4W"
              },
              {
                "dns_name": "vpce-05570bb21b2b12051-oxu3sip1-ap-northeast-1c.ssm.ap-northeast-1.vpce.amazonaws.com",
                "hosted_zone_id": "Z2E726K9Y6RL4W"
              },
              {
                "dns_name": "ssm.ap-northeast-1.amazonaws.com",
                "hosted_zone_id": "Z013730625RDX7T63GOJN"
              },
              {
                "dns_name": "ssm.ap-northeast-1.api.aws",
                "hosted_zone_id": "Z0133213112NYYVS57YZB"
              }
            ],
            "dns_options": [
              {
                "dns_record_ip_type": "ipv4",
                "private_dns_only_for_inbound_resolver_endpoint": false
              }
            ],
            "id": "vpce-05570bb21b2b12051",
            "ip_address_type": "ipv4",
            "network_interface_ids": [
              "eni-03cf2689775efac2b",
              "eni-0f04b15ae92f0afe2"
            ],
            "owner_id": "931846072481",
            "policy": "{\"Statement\":[{\"Action\":\"*\",\"Effect\":\"Allow\",\"Principal\":\"*\",\"Resource\":\"*\"}]}",
            "prefix_list_id": null,
            "private_dns_enabled": true,
            "requester_managed": false,
            "resource_configuration_arn": "",
            "route_table_ids": [],
            "security_group_ids": [
              "sg-036193f7d73739663"
            ],
            "service_name": "com.amazonaws.ap-northeast-1.ssm",
            "service_network_arn": "",
            "service_region": "ap-northeast-1",
            "state": "available",
            "subnet_configuration": [
              {
                "ipv4": "10.0.3.35",
                "ipv6": "",
                "subnet_id": "subnet-03cefef611e21ae3f"
              },
              {
                "ipv4": "10.0.4.111",
                "ipv6": "",
                "subnet_id": "subnet-06f1a3205debf5934"
              }
            ],
            "subnet_ids": [
              "subnet-03cefef611e21ae3f",
              "subnet-06f1a3205debf5934"
            ],
            "tags": {
              "Name": "portfolio-vpce-tokyo-ssm"
            },
            "tags_all": {
              "Name": "portfolio-vpce-tokyo-ssm"
            },
            "timeouts": null,
            "vpc_endpoint_type": "Interface",
            "vpc_id": "vpc-08b2cbedf15132a99"
          },
          "sensitive_attributes": [],
          "identity_schema_version": 0,
          "private": "eyJlMmJmYjczMC1lY2FhLTExZTYtOGY4OC0zNDM2M2JjN2M0YzAiOnsiY3JlYXRlIjo2MDAwMDAwMDAwMDAsImRlbGV0ZSI6NjAwMDAwMDAwMDAwLCJ1cGRhdGUiOjYwMDAwMDAwMDAwMH19",
          "dependencies": [
            "module.tokyo.aws_security_group.vpce",
            "module.tokyo.aws_subnet.private_a",
            "module.tokyo.aws_subnet.private_c",
            "module.tokyo.aws_vpc.main"
          ]
        }
      ]
    },
    {
      "module": "module.tokyo",
      "mode": "managed",
      "type": "aws_vpc_endpoint",
      "name": "ssmmessages",
      "provider": "provider[\"registry.terraform.io/hashicorp/aws\"]",
      "instances": [
        {
          "schema_version": 0,
          "attributes": {
            "arn": "arn:aws:ec2:ap-northeast-1:931846072481:vpc-endpoint/vpce-00151b996d3bf8897",
            "auto_accept": null,
            "cidr_blocks": [],
            "dns_entry": [
              {
                "dns_name": "vpce-00151b996d3bf8897-wax3dup7.ssmmessages.ap-northeast-1.vpce.amazonaws.com",
                "hosted_zone_id": "Z2E726K9Y6RL4W"
              },
              {
                "dns_name": "vpce-00151b996d3bf8897-wax3dup7-ap-northeast-1a.ssmmessages.ap-northeast-1.vpce.amazonaws.com",
                "hosted_zone_id": "Z2E726K9Y6RL4W"
              },
              {
                "dns_name": "vpce-00151b996d3bf8897-wax3dup7-ap-northeast-1c.ssmmessages.ap-northeast-1.vpce.amazonaws.com",
                "hosted_zone_id": "Z2E726K9Y6RL4W"
              },
              {
                "dns_name": "ssmmessages.ap-northeast-1.amazonaws.com",
                "hosted_zone_id": "Z015630522LDVZNK0I50W"
              },
              {
                "dns_name": "ssmmessages.ap-northeast-1.api.aws",
                "hosted_zone_id": "Z028050212UKZH0FC6S3R"
              }
            ],
            "dns_options": [
              {
                "dns_record_ip_type": "ipv4",
                "private_dns_only_for_inbound_resolver_endpoint": false
              }
            ],
            "id": "vpce-00151b996d3bf8897",
            "ip_address_type": "ipv4",
            "network_interface_ids": [
              "eni-08ed76a1d5b546094",
              "eni-0a6850ca3c7f582b3"
            ],
            "owner_id": "931846072481",
            "policy": "{\"Statement\":[{\"Action\":\"*\",\"Effect\":\"Allow\",\"Principal\":\"*\",\"Resource\":\"*\"}]}",
            "prefix_list_id": null,
            "private_dns_enabled": true,
            "requester_managed": false,
            "resource_configuration_arn": "",
            "route_table_ids": [],
            "security_group_ids": [
              "sg-036193f7d73739663"
            ],
            "service_name": "com.amazonaws.ap-northeast-1.ssmmessages",
            "service_network_arn": "",
            "service_region": "ap-northeast-1",
            "state": "available",
            "subnet_configuration": [
              {
                "ipv4": "10.0.3.67",
                "ipv6": "",
                "subnet_id": "subnet-03cefef611e21ae3f"
              },
              {
                "ipv4": "10.0.4.132",
                "ipv6": "",
                "subnet_id": "subnet-06f1a3205debf5934"
              }
            ],
            "subnet_ids": [
              "subnet-03cefef611e21ae3f",
              "subnet-06f1a3205debf5934"
            ],
            "tags": {
              "Name": "portfolio-vpce-tokyo-ssmmessages"
            },
            "tags_all": {
              "Name": "portfolio-vpce-tokyo-ssmmessages"
            },
            "timeouts": null,
            "vpc_endpoint_type": "Interface",
            "vpc_id": "vpc-08b2cbedf15132a99"
          },
          "sensitive_attributes": [],
          "identity_schema_version": 0,
          "private": "eyJlMmJmYjczMC1lY2FhLTExZTYtOGY4OC0zNDM2M2JjN2M0YzAiOnsiY3JlYXRlIjo2MDAwMDAwMDAwMDAsImRlbGV0ZSI6NjAwMDAwMDAwMDAwLCJ1cGRhdGUiOjYwMDAwMDAwMDAwMH19",
          "dependencies": [
            "module.tokyo.aws_security_group.vpce",
            "module.tokyo.aws_subnet.private_a",
            "module.tokyo.aws_subnet.private_c",
            "module.tokyo.aws_vpc.main"
          ]
        }
      ]
    }
  ],
  "check_results": null
}
